// !$*UTF8*$!
{
	archiveVersion = 1;
	classes = {
	};
	objectVersion = 51;
	objects = {

/* Begin PBXBuildFile section */
		05E5CA236769BA5C49429A3C /* Pods_JoinUs.framework in Frameworks */ = {isa = PBXBuildFile; fileRef = 43361298571AC229C84253DF /* Pods_JoinUs.framework */; };
		5602F05A270D2DE00096B048 /* Team.swift in Sources */ = {isa = PBXBuildFile; fileRef = 5602F059270D2DE00096B048 /* Team.swift */; };
		5602F05D270D2E0E0096B048 /* TeamTabbarViewModel.swift in Sources */ = {isa = PBXBuildFile; fileRef = 5602F05C270D2E0E0096B048 /* TeamTabbarViewModel.swift */; };
		5605BB822715349900A9811A /* DK.png in Resources */ = {isa = PBXBuildFile; fileRef = 5605BB782715349900A9811A /* DK.png */; };
		5605BB832715349900A9811A /* T1.png in Resources */ = {isa = PBXBuildFile; fileRef = 5605BB792715349900A9811A /* T1.png */; };
		5605BB842715349900A9811A /* Liiv.png in Resources */ = {isa = PBXBuildFile; fileRef = 5605BB7A2715349900A9811A /* Liiv.png */; };
		5605BB852715349900A9811A /* Fredit.png in Resources */ = {isa = PBXBuildFile; fileRef = 5605BB7B2715349900A9811A /* Fredit.png */; };
		5605BB862715349900A9811A /* HLE.png in Resources */ = {isa = PBXBuildFile; fileRef = 5605BB7C2715349900A9811A /* HLE.png */; };
		5605BB872715349900A9811A /* KT.png in Resources */ = {isa = PBXBuildFile; fileRef = 5605BB7D2715349900A9811A /* KT.png */; };
		5605BB882715349900A9811A /* GenG.png in Resources */ = {isa = PBXBuildFile; fileRef = 5605BB7E2715349900A9811A /* GenG.png */; };
		5605BB892715349900A9811A /* DRX.png in Resources */ = {isa = PBXBuildFile; fileRef = 5605BB7F2715349900A9811A /* DRX.png */; };
		5605BB8A2715349900A9811A /* NS.png in Resources */ = {isa = PBXBuildFile; fileRef = 5605BB802715349900A9811A /* NS.png */; };
		5605BB902715351700A9811A /* TeamPlayerPageCollectionViewModel.swift in Sources */ = {isa = PBXBuildFile; fileRef = 5605BB8F2715351700A9811A /* TeamPlayerPageCollectionViewModel.swift */; };
		5605BB952715636500A9811A /* TeamType.swift in Sources */ = {isa = PBXBuildFile; fileRef = 5605BB942715636500A9811A /* TeamType.swift */; };
		5605BB9927157FBF00A9811A /* PlayerCollectionViewCell.swift in Sources */ = {isa = PBXBuildFile; fileRef = 5605BB9827157FBF00A9811A /* PlayerCollectionViewCell.swift */; };
		56098295275EF2EB0029D64C /* NewsDetailViewController.swift in Sources */ = {isa = PBXBuildFile; fileRef = 56098294275EF2EB0029D64C /* NewsDetailViewController.swift */; };
		560E526027AF93F5009CBA3F /* DailyScheduleTitle.swift in Sources */ = {isa = PBXBuildFile; fileRef = 560E525F27AF93F5009CBA3F /* DailyScheduleTitle.swift */; };
		561019C427570A5C001F2C55 /* RequestSeason.swift in Sources */ = {isa = PBXBuildFile; fileRef = 561019C327570A5C001F2C55 /* RequestSeason.swift */; };
		561019C727571960001F2C55 /* Strings.swift in Sources */ = {isa = PBXBuildFile; fileRef = 561019C627571960001F2C55 /* Strings.swift */; };
		561EDFB02723FE3F00D31E7F /* NetworkError.swift in Sources */ = {isa = PBXBuildFile; fileRef = 561EDFAF2723FE3F00D31E7F /* NetworkError.swift */; };
		5622EF8F27412CD1001E1C35 /* Month.swift in Sources */ = {isa = PBXBuildFile; fileRef = 5622EF8E27412CD1001E1C35 /* Month.swift */; };
		5622EF9127412D60001E1C35 /* MonthCollectionViewModel.swift in Sources */ = {isa = PBXBuildFile; fileRef = 5622EF9027412D60001E1C35 /* MonthCollectionViewModel.swift */; };
		5622EF9327412E40001E1C35 /* MonthCollectionViewCell.swift in Sources */ = {isa = PBXBuildFile; fileRef = 5622EF9227412E40001E1C35 /* MonthCollectionViewCell.swift */; };
		56256B3A2795038B00C17466 /* RequestLeagueType.swift in Sources */ = {isa = PBXBuildFile; fileRef = 56256B392795038B00C17466 /* RequestLeagueType.swift */; };
		56256B3C2795A68F00C17466 /* NoTodayScheduleTableViewCell.swift in Sources */ = {isa = PBXBuildFile; fileRef = 56256B3B2795A68F00C17466 /* NoTodayScheduleTableViewCell.swift */; };
		562A9B7227D5F2EA0064B991 /* Faker.png in Resources */ = {isa = PBXBuildFile; fileRef = 562A9B6D27D5F2EA0064B991 /* Faker.png */; };
		562A9B7327D5F2EA0064B991 /* Keria.png in Resources */ = {isa = PBXBuildFile; fileRef = 562A9B6E27D5F2EA0064B991 /* Keria.png */; };
		562A9B7427D5F2EA0064B991 /* Oner.png in Resources */ = {isa = PBXBuildFile; fileRef = 562A9B6F27D5F2EA0064B991 /* Oner.png */; };
		562A9B7527D5F2EA0064B991 /* Zeus.png in Resources */ = {isa = PBXBuildFile; fileRef = 562A9B7027D5F2EA0064B991 /* Zeus.png */; };
		562A9B7627D5F2EA0064B991 /* Gumayusi.png in Resources */ = {isa = PBXBuildFile; fileRef = 562A9B7127D5F2EA0064B991 /* Gumayusi.png */; };
		562A9B7C27D5F2F50064B991 /* Life.jpeg in Resources */ = {isa = PBXBuildFile; fileRef = 562A9B7727D5F2F40064B991 /* Life.jpeg */; };
		562A9B7D27D5F2F50064B991 /* Cuzz.jpeg in Resources */ = {isa = PBXBuildFile; fileRef = 562A9B7827D5F2F40064B991 /* Cuzz.jpeg */; };
		562A9B7E27D5F2F50064B991 /* Aiming.jpeg in Resources */ = {isa = PBXBuildFile; fileRef = 562A9B7927D5F2F40064B991 /* Aiming.jpeg */; };
		562A9B7F27D5F2F50064B991 /* Aria.jpeg in Resources */ = {isa = PBXBuildFile; fileRef = 562A9B7A27D5F2F50064B991 /* Aria.jpeg */; };
		562A9B8027D5F2F50064B991 /* Rascal.jpeg in Resources */ = {isa = PBXBuildFile; fileRef = 562A9B7B27D5F2F50064B991 /* Rascal.jpeg */; };
		562A9B8627D5F3070064B991 /* Lehends.png in Resources */ = {isa = PBXBuildFile; fileRef = 562A9B8127D5F3060064B991 /* Lehends.png */; };
		562A9B8727D5F3070064B991 /* Chovy.png in Resources */ = {isa = PBXBuildFile; fileRef = 562A9B8227D5F3070064B991 /* Chovy.png */; };
		562A9B8827D5F3070064B991 /* Doran.png in Resources */ = {isa = PBXBuildFile; fileRef = 562A9B8327D5F3070064B991 /* Doran.png */; };
		562A9B8927D5F3070064B991 /* Peanut.png in Resources */ = {isa = PBXBuildFile; fileRef = 562A9B8427D5F3070064B991 /* Peanut.png */; };
		562A9B8A27D5F3070064B991 /* Ruler.png in Resources */ = {isa = PBXBuildFile; fileRef = 562A9B8527D5F3070064B991 /* Ruler.png */; };
		562A9B9027D5F30E0064B991 /* Burdol.png in Resources */ = {isa = PBXBuildFile; fileRef = 562A9B8B27D5F30D0064B991 /* Burdol.png */; };
		562A9B9127D5F30E0064B991 /* Canyon.png in Resources */ = {isa = PBXBuildFile; fileRef = 562A9B8C27D5F30D0064B991 /* Canyon.png */; };
		562A9B9227D5F30E0064B991 /* ShowMaker.png in Resources */ = {isa = PBXBuildFile; fileRef = 562A9B8D27D5F30D0064B991 /* ShowMaker.png */; };
		562A9B9327D5F30E0064B991 /* deokdam.png in Resources */ = {isa = PBXBuildFile; fileRef = 562A9B8E27D5F30D0064B991 /* deokdam.png */; };
		562A9B9427D5F30E0064B991 /* Kellin.png in Resources */ = {isa = PBXBuildFile; fileRef = 562A9B8F27D5F30E0064B991 /* Kellin.png */; };
		562A9B9A27D5F3160064B991 /* UmTi.png in Resources */ = {isa = PBXBuildFile; fileRef = 562A9B9527D5F3150064B991 /* UmTi.png */; };
		562A9B9B27D5F3160064B991 /* Lava.png in Resources */ = {isa = PBXBuildFile; fileRef = 562A9B9627D5F3150064B991 /* Lava.png */; };
		562A9B9C27D5F3160064B991 /* Hena.png in Resources */ = {isa = PBXBuildFile; fileRef = 562A9B9727D5F3160064B991 /* Hena.png */; };
		562A9B9D27D5F3160064B991 /* Morgan.png in Resources */ = {isa = PBXBuildFile; fileRef = 562A9B9827D5F3160064B991 /* Morgan.png */; };
		562A9B9E27D5F3160064B991 /* Delight.png in Resources */ = {isa = PBXBuildFile; fileRef = 562A9B9927D5F3160064B991 /* Delight.png */; };
		562A9BA627D5F31D0064B991 /* Teddy.png in Resources */ = {isa = PBXBuildFile; fileRef = 562A9BA127D5F31D0064B991 /* Teddy.png */; };
		562A9BAE27D5F3250064B991 /* Deft.png in Resources */ = {isa = PBXBuildFile; fileRef = 562A9BA927D5F3250064B991 /* Deft.png */; };
		562A9BAF27D5F3250064B991 /* Zeka.png in Resources */ = {isa = PBXBuildFile; fileRef = 562A9BAA27D5F3250064B991 /* Zeka.png */; };
		562A9BB027D5F3250064B991 /* Pyosik.png in Resources */ = {isa = PBXBuildFile; fileRef = 562A9BAB27D5F3250064B991 /* Pyosik.png */; };
		562A9BB127D5F3250064B991 /* Kingen.png in Resources */ = {isa = PBXBuildFile; fileRef = 562A9BAC27D5F3250064B991 /* Kingen.png */; };
		562A9BB227D5F3250064B991 /* BeryL.png in Resources */ = {isa = PBXBuildFile; fileRef = 562A9BAD27D5F3250064B991 /* BeryL.png */; };
		562A9BB827D5F32F0064B991 /* Bdd.png in Resources */ = {isa = PBXBuildFile; fileRef = 562A9BB327D5F32F0064B991 /* Bdd.png */; };
		562A9BB927D5F32F0064B991 /* Dread.png in Resources */ = {isa = PBXBuildFile; fileRef = 562A9BB427D5F32F0064B991 /* Dread.png */; };
		562A9BBA27D5F32F0064B991 /* Canna.png in Resources */ = {isa = PBXBuildFile; fileRef = 562A9BB527D5F32F0064B991 /* Canna.png */; };
		562A9BBB27D5F32F0064B991 /* Ghost.png in Resources */ = {isa = PBXBuildFile; fileRef = 562A9BB627D5F32F0064B991 /* Ghost.png */; };
		562A9BBC27D5F32F0064B991 /* Effort.png in Resources */ = {isa = PBXBuildFile; fileRef = 562A9BB727D5F32F0064B991 /* Effort.png */; };
		562A9BC227D5F3380064B991 /* Kael.png in Resources */ = {isa = PBXBuildFile; fileRef = 562A9BBD27D5F3370064B991 /* Kael.png */; };
		562A9BC327D5F3380064B991 /* Ice.png in Resources */ = {isa = PBXBuildFile; fileRef = 562A9BBE27D5F3380064B991 /* Ice.png */; };
		562A9BC427D5F3380064B991 /* Clozer.png in Resources */ = {isa = PBXBuildFile; fileRef = 562A9BBF27D5F3380064B991 /* Clozer.png */; };
		562A9BC527D5F3380064B991 /* Croco.png in Resources */ = {isa = PBXBuildFile; fileRef = 562A9BC027D5F3380064B991 /* Croco.png */; };
		562A9BC627D5F3380064B991 /* Dove.png in Resources */ = {isa = PBXBuildFile; fileRef = 562A9BC127D5F3380064B991 /* Dove.png */; };
		562A9BCC27D5F33E0064B991 /* Karis.png in Resources */ = {isa = PBXBuildFile; fileRef = 562A9BC727D5F33E0064B991 /* Karis.png */; };
		562A9BCD27D5F33E0064B991 /* SamD.png in Resources */ = {isa = PBXBuildFile; fileRef = 562A9BC827D5F33E0064B991 /* SamD.png */; };
		562A9BCE27D5F33E0064B991 /* OnFleek.png in Resources */ = {isa = PBXBuildFile; fileRef = 562A9BC927D5F33E0064B991 /* OnFleek.png */; };
		562A9BCF27D5F33E0064B991 /* Vsta.png in Resources */ = {isa = PBXBuildFile; fileRef = 562A9BCA27D5F33E0064B991 /* Vsta.png */; };
		562A9BD027D5F33E0064B991 /* DuDu.png in Resources */ = {isa = PBXBuildFile; fileRef = 562A9BCB27D5F33E0064B991 /* DuDu.png */; };
		562A9BDD27D5F7380064B991 /* Hoit.jpeg in Resources */ = {isa = PBXBuildFile; fileRef = 562A9BD927D5F7380064B991 /* Hoit.jpeg */; };
		562A9BDE27D5F7380064B991 /* FATE.jpeg in Resources */ = {isa = PBXBuildFile; fileRef = 562A9BDA27D5F7380064B991 /* FATE.jpeg */; };
		562A9BDF27D5F7380064B991 /* Kiin.jpeg in Resources */ = {isa = PBXBuildFile; fileRef = 562A9BDB27D5F7380064B991 /* Kiin.jpeg */; };
		562A9BE027D5F7380064B991 /* Ellim.jpeg in Resources */ = {isa = PBXBuildFile; fileRef = 562A9BDC27D5F7380064B991 /* Ellim.jpeg */; };
		562A9BE227D5FA630064B991 /* Kwangdong.png in Resources */ = {isa = PBXBuildFile; fileRef = 562A9BE127D5FA630064B991 /* Kwangdong.png */; };
		562A9BE427D62F570064B991 /* PlayerImageCell.swift in Sources */ = {isa = PBXBuildFile; fileRef = 562A9BE327D62F570064B991 /* PlayerImageCell.swift */; };
		562DB968271E93DF00EC6ABE /* HomeTableViewSectionHeader.swift in Sources */ = {isa = PBXBuildFile; fileRef = 562DB967271E93DF00EC6ABE /* HomeTableViewSectionHeader.swift */; };
		56418AA0273CF0A5005BEF2E /* LeagueScheduleTableViewSectionType.swift in Sources */ = {isa = PBXBuildFile; fileRef = 56418A9F273CF0A5005BEF2E /* LeagueScheduleTableViewSectionType.swift */; };
		5642CD092755EC250017F78B /* SeasonSectionViewController.swift in Sources */ = {isa = PBXBuildFile; fileRef = 5642CD082755EC250017F78B /* SeasonSectionViewController.swift */; };
		5642CD0B275624160017F78B /* Season.swift in Sources */ = {isa = PBXBuildFile; fileRef = 5642CD0A275624160017F78B /* Season.swift */; };
		5642CD0D275624760017F78B /* SeasonCollectionViewModel.swift in Sources */ = {isa = PBXBuildFile; fileRef = 5642CD0C275624760017F78B /* SeasonCollectionViewModel.swift */; };
		5642CD0F275625C40017F78B /* SeasonSelectionTableViewCell.swift in Sources */ = {isa = PBXBuildFile; fileRef = 5642CD0E275625C40017F78B /* SeasonSelectionTableViewCell.swift */; };
		564345482731301F00E7994B /* LeagueScheduleTableViewCellModel.swift in Sources */ = {isa = PBXBuildFile; fileRef = 564345472731301F00E7994B /* LeagueScheduleTableViewCellModel.swift */; };
		5646AC282750D47D009F295A /* NewsTableViewModel.swift in Sources */ = {isa = PBXBuildFile; fileRef = 5646AC272750D47D009F295A /* NewsTableViewModel.swift */; };
		5646AC2A2750D4BD009F295A /* NewsTableViewCell.swift in Sources */ = {isa = PBXBuildFile; fileRef = 5646AC292750D4BD009F295A /* NewsTableViewCell.swift */; };
		56492AC8276857A80094D41E /* PlayerDetailCell.swift in Sources */ = {isa = PBXBuildFile; fileRef = 56492AC7276857A80094D41E /* PlayerDetailCell.swift */; };
		56492ACC276870A30094D41E /* PlayerDetailCategoryType.swift in Sources */ = {isa = PBXBuildFile; fileRef = 56492ACB276870A30094D41E /* PlayerDetailCategoryType.swift */; };
		564B3D9227506C3000A62E4C /* CategoryTableViewCell.swift in Sources */ = {isa = PBXBuildFile; fileRef = 564B3D9127506C3000A62E4C /* CategoryTableViewCell.swift */; };
		564B3D942750770300A62E4C /* StandingsType.swift in Sources */ = {isa = PBXBuildFile; fileRef = 564B3D932750770300A62E4C /* StandingsType.swift */; };
		564B3D962750D0DE00A62E4C /* News.swift in Sources */ = {isa = PBXBuildFile; fileRef = 564B3D952750D0DE00A62E4C /* News.swift */; };
		564C0A6927D4985B00C67D47 /* SendPlayerDetailVCDelegate.swift in Sources */ = {isa = PBXBuildFile; fileRef = 564C0A6827D4985B00C67D47 /* SendPlayerDetailVCDelegate.swift */; };
		564C0A6B27D498AA00C67D47 /* PresentPlayerDetailVCDelegate.swift in Sources */ = {isa = PBXBuildFile; fileRef = 564C0A6A27D498AA00C67D47 /* PresentPlayerDetailVCDelegate.swift */; };
		564EC2002709D63800DCA9E6 /* AppDelegate.swift in Sources */ = {isa = PBXBuildFile; fileRef = 564EC1FF2709D63800DCA9E6 /* AppDelegate.swift */; };
		564EC2022709D63800DCA9E6 /* SceneDelegate.swift in Sources */ = {isa = PBXBuildFile; fileRef = 564EC2012709D63800DCA9E6 /* SceneDelegate.swift */; };
		564EC2042709D63800DCA9E6 /* HomeViewController.swift in Sources */ = {isa = PBXBuildFile; fileRef = 564EC2032709D63800DCA9E6 /* HomeViewController.swift */; };
		564EC2092709D63900DCA9E6 /* Assets.xcassets in Resources */ = {isa = PBXBuildFile; fileRef = 564EC2082709D63900DCA9E6 /* Assets.xcassets */; };
		564EC20C2709D63900DCA9E6 /* LaunchScreen.storyboard in Resources */ = {isa = PBXBuildFile; fileRef = 564EC20A2709D63900DCA9E6 /* LaunchScreen.storyboard */; };
		564FCB0E27BA9211008B329D /* CustomMonthBar.swift in Sources */ = {isa = PBXBuildFile; fileRef = 564FCB0D27BA9211008B329D /* CustomMonthBar.swift */; };
		564FCB1027BA9D20008B329D /* NoMonthScheduleCollectionViewCell.swift in Sources */ = {isa = PBXBuildFile; fileRef = 564FCB0F27BA9D20008B329D /* NoMonthScheduleCollectionViewCell.swift */; };
		56555F6E273670AA00A8A53D /* Observable.swift in Sources */ = {isa = PBXBuildFile; fileRef = 56555F6D273670AA00A8A53D /* Observable.swift */; };
		565BC1892766D7D5000C4A33 /* PlayerDetailViewController.swift in Sources */ = {isa = PBXBuildFile; fileRef = 565BC1882766D7D5000C4A33 /* PlayerDetailViewController.swift */; };
		565CA24427229FC500669E8F /* LeagueScheduleTableViewModel.swift in Sources */ = {isa = PBXBuildFile; fileRef = 565CA24327229FC500669E8F /* LeagueScheduleTableViewModel.swift */; };
		56630872276F0DD7006A1DD4 /* Coordinator.swift in Sources */ = {isa = PBXBuildFile; fileRef = 56630871276F0DD7006A1DD4 /* Coordinator.swift */; };
		566A49AA27CB000B009CCD12 /* CustomTeamBar.swift in Sources */ = {isa = PBXBuildFile; fileRef = 566A49A927CB000B009CCD12 /* CustomTeamBar.swift */; };
		566A49AD27CB8855009CCD12 /* CustomTabBarDelegate.swift in Sources */ = {isa = PBXBuildFile; fileRef = 566A49AC27CB8855009CCD12 /* CustomTabBarDelegate.swift */; };
		566FAC4D27D8695300DD1CBC /* SelectionSeasonDelegate.swift in Sources */ = {isa = PBXBuildFile; fileRef = 566FAC4C27D8695300DD1CBC /* SelectionSeasonDelegate.swift */; };
		5677F5A6273A018900BACF0B /* HomeTableViewSectionType.swift in Sources */ = {isa = PBXBuildFile; fileRef = 5677F5A5273A018900BACF0B /* HomeTableViewSectionType.swift */; };
		56789D4527170186001B4784 /* TabBarController.swift in Sources */ = {isa = PBXBuildFile; fileRef = 56789D4427170186001B4784 /* TabBarController.swift */; };
		5693ED6D27D74B4F00F88881 /* SUP.png in Resources */ = {isa = PBXBuildFile; fileRef = 5693ED6827D74B4E00F88881 /* SUP.png */; };
		5693ED6E27D74B4F00F88881 /* MID.png in Resources */ = {isa = PBXBuildFile; fileRef = 5693ED6927D74B4E00F88881 /* MID.png */; };
		5693ED6F27D74B4F00F88881 /* JUG.png in Resources */ = {isa = PBXBuildFile; fileRef = 5693ED6A27D74B4E00F88881 /* JUG.png */; };
		5693ED7027D74B4F00F88881 /* BOT.png in Resources */ = {isa = PBXBuildFile; fileRef = 5693ED6B27D74B4E00F88881 /* BOT.png */; };
		5693ED7127D74B4F00F88881 /* TOP.png in Resources */ = {isa = PBXBuildFile; fileRef = 5693ED6C27D74B4F00F88881 /* TOP.png */; };
		5693ED7327D7862200F88881 /* PlayerFrontDataCell.swift in Sources */ = {isa = PBXBuildFile; fileRef = 5693ED7227D7862200F88881 /* PlayerFrontDataCell.swift */; };
		569A834D27CF2D9F00BDE354 /* RefreshTableViewDelegate.swift in Sources */ = {isa = PBXBuildFile; fileRef = 569A834C27CF2D9F00BDE354 /* RefreshTableViewDelegate.swift */; };
		56AABF6227BBDD3200E4BE41 /* SchedulePageCollectionViewCell.swift in Sources */ = {isa = PBXBuildFile; fileRef = 56AABF6127BBDD3200E4BE41 /* SchedulePageCollectionViewCell.swift */; };
		56AC6676274E1BD900CC2BF1 /* CrawlManager.swift in Sources */ = {isa = PBXBuildFile; fileRef = 56AC6675274E1BD900CC2BF1 /* CrawlManager.swift */; };
		56B1A720274F1F7D00C91BB8 /* Standings.swift in Sources */ = {isa = PBXBuildFile; fileRef = 56B1A71F274F1F7D00C91BB8 /* Standings.swift */; };
		56B1A722274F409C00C91BB8 /* StandingsVIewModel.swift in Sources */ = {isa = PBXBuildFile; fileRef = 56B1A721274F409C00C91BB8 /* StandingsVIewModel.swift */; };
		56B1A724274F421E00C91BB8 /* StandingsTableViewCell.swift in Sources */ = {isa = PBXBuildFile; fileRef = 56B1A723274F421E00C91BB8 /* StandingsTableViewCell.swift */; };
		56BFFC112720FDE1007A1826 /* TeamPlayerPagerView.swift in Sources */ = {isa = PBXBuildFile; fileRef = 56BFFC102720FDE1007A1826 /* TeamPlayerPagerView.swift */; };
		56BFFC1527210025007A1826 /* TeamPlayerCollectionViewCell.swift in Sources */ = {isa = PBXBuildFile; fileRef = 56BFFC1427210025007A1826 /* TeamPlayerCollectionViewCell.swift */; };
		56C2CEB4271D63DF005691C6 /* ScheduleTableViewCell.swift in Sources */ = {isa = PBXBuildFile; fileRef = 56C2CEB3271D63DF005691C6 /* ScheduleTableViewCell.swift */; };
		56C71EE5273AB41E0017EE77 /* NetworkManager.swift in Sources */ = {isa = PBXBuildFile; fileRef = 56C71EE4273AB41E0017EE77 /* NetworkManager.swift */; };
		56C7854F277048E300940A2D /* Player.swift in Sources */ = {isa = PBXBuildFile; fileRef = 56C7854E277048E300940A2D /* Player.swift */; };
		56DD9A5B27CDDDBB0044538E /* CustomActivityIndicatorView.swift in Sources */ = {isa = PBXBuildFile; fileRef = 56DD9A5A27CDDDBB0044538E /* CustomActivityIndicatorView.swift */; };
		56DE7C6F2734BAC60093C9AE /* Game.swift in Sources */ = {isa = PBXBuildFile; fileRef = 56DE7C6E2734BAC60093C9AE /* Game.swift */; };
		56DE7C722734BADC0093C9AE /* Winner.swift in Sources */ = {isa = PBXBuildFile; fileRef = 56DE7C712734BADC0093C9AE /* Winner.swift */; };
		56DE7C752734BAEA0093C9AE /* League.swift in Sources */ = {isa = PBXBuildFile; fileRef = 56DE7C742734BAEA0093C9AE /* League.swift */; };
		56DE7C782734BAF60093C9AE /* Opponents.swift in Sources */ = {isa = PBXBuildFile; fileRef = 56DE7C772734BAF60093C9AE /* Opponents.swift */; };
		56DE7C7B2734BAFD0093C9AE /* Opponent.swift in Sources */ = {isa = PBXBuildFile; fileRef = 56DE7C7A2734BAFD0093C9AE /* Opponent.swift */; };
		56DE7C832734BE110093C9AE /* DateFotmat.swift in Sources */ = {isa = PBXBuildFile; fileRef = 56DE7C822734BE110093C9AE /* DateFotmat.swift */; };
		56DE7C882734E68D0093C9AE /* DateFormatter.swift in Sources */ = {isa = PBXBuildFile; fileRef = 56DE7C872734E68D0093C9AE /* DateFormatter.swift */; };
		56DE7C90273545310093C9AE /* Storage.swift in Sources */ = {isa = PBXBuildFile; fileRef = 56DE7C8F273545310093C9AE /* Storage.swift */; };
		56DE7C97273572B80093C9AE /* LeagueScheduleTableViewCell.swift in Sources */ = {isa = PBXBuildFile; fileRef = 56DE7C96273572B80093C9AE /* LeagueScheduleTableViewCell.swift */; };
		56E26B8927193C92007C9EE0 /* ScheduleViewController.swift in Sources */ = {isa = PBXBuildFile; fileRef = 56E26B8827193C92007C9EE0 /* ScheduleViewController.swift */; };
		56E26B8C27193CA7007C9EE0 /* StandingsViewController.swift in Sources */ = {isa = PBXBuildFile; fileRef = 56E26B8B27193CA7007C9EE0 /* StandingsViewController.swift */; };
		56E26B8F27193CB8007C9EE0 /* NewsViewController.swift in Sources */ = {isa = PBXBuildFile; fileRef = 56E26B8E27193CB8007C9EE0 /* NewsViewController.swift */; };
		56E8E63227322F15003A0EDA /* ReceivedScheduleModel.swift in Sources */ = {isa = PBXBuildFile; fileRef = 56E8E63127322F15003A0EDA /* ReceivedScheduleModel.swift */; };
		56E9F0BE27394B3E00E7A901 /* MatchStatusType.swift in Sources */ = {isa = PBXBuildFile; fileRef = 56E9F0BD27394B3E00E7A901 /* MatchStatusType.swift */; };
		56E9F0C22739600500E7A901 /* LeagueScheduleTableViewSectionHeader.swift in Sources */ = {isa = PBXBuildFile; fileRef = 56E9F0C12739600500E7A901 /* LeagueScheduleTableViewSectionHeader.swift */; };
		56FC0C7C270CAB1800E1FE3B /* TeamBarCollectionViewCell.swift in Sources */ = {isa = PBXBuildFile; fileRef = 56FC0C7B270CAB1800E1FE3B /* TeamBarCollectionViewCell.swift */; };
/* End PBXBuildFile section */

/* Begin PBXFileReference section */
		43361298571AC229C84253DF /* Pods_JoinUs.framework */ = {isa = PBXFileReference; explicitFileType = wrapper.framework; includeInIndex = 0; path = Pods_JoinUs.framework; sourceTree = BUILT_PRODUCTS_DIR; };
		5602F059270D2DE00096B048 /* Team.swift */ = {isa = PBXFileReference; lastKnownFileType = sourcecode.swift; path = Team.swift; sourceTree = "<group>"; };
		5602F05C270D2E0E0096B048 /* TeamTabbarViewModel.swift */ = {isa = PBXFileReference; lastKnownFileType = sourcecode.swift; path = TeamTabbarViewModel.swift; sourceTree = "<group>"; };
		5605BB782715349900A9811A /* DK.png */ = {isa = PBXFileReference; lastKnownFileType = image.png; path = DK.png; sourceTree = "<group>"; };
		5605BB792715349900A9811A /* T1.png */ = {isa = PBXFileReference; lastKnownFileType = image.png; path = T1.png; sourceTree = "<group>"; };
		5605BB7A2715349900A9811A /* Liiv.png */ = {isa = PBXFileReference; lastKnownFileType = image.png; path = Liiv.png; sourceTree = "<group>"; };
		5605BB7B2715349900A9811A /* Fredit.png */ = {isa = PBXFileReference; lastKnownFileType = image.png; path = Fredit.png; sourceTree = "<group>"; };
		5605BB7C2715349900A9811A /* HLE.png */ = {isa = PBXFileReference; lastKnownFileType = image.png; path = HLE.png; sourceTree = "<group>"; };
		5605BB7D2715349900A9811A /* KT.png */ = {isa = PBXFileReference; lastKnownFileType = image.png; path = KT.png; sourceTree = "<group>"; };
		5605BB7E2715349900A9811A /* GenG.png */ = {isa = PBXFileReference; lastKnownFileType = image.png; path = GenG.png; sourceTree = "<group>"; };
		5605BB7F2715349900A9811A /* DRX.png */ = {isa = PBXFileReference; lastKnownFileType = image.png; path = DRX.png; sourceTree = "<group>"; };
		5605BB802715349900A9811A /* NS.png */ = {isa = PBXFileReference; lastKnownFileType = image.png; path = NS.png; sourceTree = "<group>"; };
		5605BB8F2715351700A9811A /* TeamPlayerPageCollectionViewModel.swift */ = {isa = PBXFileReference; lastKnownFileType = sourcecode.swift; path = TeamPlayerPageCollectionViewModel.swift; sourceTree = "<group>"; };
		5605BB942715636500A9811A /* TeamType.swift */ = {isa = PBXFileReference; lastKnownFileType = sourcecode.swift; path = TeamType.swift; sourceTree = "<group>"; };
		5605BB9827157FBF00A9811A /* PlayerCollectionViewCell.swift */ = {isa = PBXFileReference; lastKnownFileType = sourcecode.swift; path = PlayerCollectionViewCell.swift; sourceTree = "<group>"; };
		56098294275EF2EB0029D64C /* NewsDetailViewController.swift */ = {isa = PBXFileReference; lastKnownFileType = sourcecode.swift; path = NewsDetailViewController.swift; sourceTree = "<group>"; };
		560E525F27AF93F5009CBA3F /* DailyScheduleTitle.swift */ = {isa = PBXFileReference; lastKnownFileType = sourcecode.swift; path = DailyScheduleTitle.swift; sourceTree = "<group>"; };
		561019C327570A5C001F2C55 /* RequestSeason.swift */ = {isa = PBXFileReference; lastKnownFileType = sourcecode.swift; path = RequestSeason.swift; sourceTree = "<group>"; };
		561019C627571960001F2C55 /* Strings.swift */ = {isa = PBXFileReference; lastKnownFileType = sourcecode.swift; path = Strings.swift; sourceTree = "<group>"; };
		561EDFAF2723FE3F00D31E7F /* NetworkError.swift */ = {isa = PBXFileReference; lastKnownFileType = sourcecode.swift; path = NetworkError.swift; sourceTree = "<group>"; };
		5622EF8E27412CD1001E1C35 /* Month.swift */ = {isa = PBXFileReference; lastKnownFileType = sourcecode.swift; path = Month.swift; sourceTree = "<group>"; };
		5622EF9027412D60001E1C35 /* MonthCollectionViewModel.swift */ = {isa = PBXFileReference; lastKnownFileType = sourcecode.swift; path = MonthCollectionViewModel.swift; sourceTree = "<group>"; };
		5622EF9227412E40001E1C35 /* MonthCollectionViewCell.swift */ = {isa = PBXFileReference; lastKnownFileType = sourcecode.swift; path = MonthCollectionViewCell.swift; sourceTree = "<group>"; };
		56256B392795038B00C17466 /* RequestLeagueType.swift */ = {isa = PBXFileReference; lastKnownFileType = sourcecode.swift; path = RequestLeagueType.swift; sourceTree = "<group>"; };
		56256B3B2795A68F00C17466 /* NoTodayScheduleTableViewCell.swift */ = {isa = PBXFileReference; lastKnownFileType = sourcecode.swift; path = NoTodayScheduleTableViewCell.swift; sourceTree = "<group>"; };
		562A9B6D27D5F2EA0064B991 /* Faker.png */ = {isa = PBXFileReference; lastKnownFileType = image.png; path = Faker.png; sourceTree = "<group>"; };
		562A9B6E27D5F2EA0064B991 /* Keria.png */ = {isa = PBXFileReference; lastKnownFileType = image.png; path = Keria.png; sourceTree = "<group>"; };
		562A9B6F27D5F2EA0064B991 /* Oner.png */ = {isa = PBXFileReference; lastKnownFileType = image.png; path = Oner.png; sourceTree = "<group>"; };
		562A9B7027D5F2EA0064B991 /* Zeus.png */ = {isa = PBXFileReference; lastKnownFileType = image.png; path = Zeus.png; sourceTree = "<group>"; };
		562A9B7127D5F2EA0064B991 /* Gumayusi.png */ = {isa = PBXFileReference; lastKnownFileType = image.png; path = Gumayusi.png; sourceTree = "<group>"; };
		562A9B7727D5F2F40064B991 /* Life.jpeg */ = {isa = PBXFileReference; lastKnownFileType = image.jpeg; path = Life.jpeg; sourceTree = "<group>"; };
		562A9B7827D5F2F40064B991 /* Cuzz.jpeg */ = {isa = PBXFileReference; lastKnownFileType = image.jpeg; path = Cuzz.jpeg; sourceTree = "<group>"; };
		562A9B7927D5F2F40064B991 /* Aiming.jpeg */ = {isa = PBXFileReference; lastKnownFileType = image.jpeg; path = Aiming.jpeg; sourceTree = "<group>"; };
		562A9B7A27D5F2F50064B991 /* Aria.jpeg */ = {isa = PBXFileReference; lastKnownFileType = image.jpeg; path = Aria.jpeg; sourceTree = "<group>"; };
		562A9B7B27D5F2F50064B991 /* Rascal.jpeg */ = {isa = PBXFileReference; lastKnownFileType = image.jpeg; path = Rascal.jpeg; sourceTree = "<group>"; };
		562A9B8127D5F3060064B991 /* Lehends.png */ = {isa = PBXFileReference; lastKnownFileType = image.png; path = Lehends.png; sourceTree = "<group>"; };
		562A9B8227D5F3070064B991 /* Chovy.png */ = {isa = PBXFileReference; lastKnownFileType = image.png; path = Chovy.png; sourceTree = "<group>"; };
		562A9B8327D5F3070064B991 /* Doran.png */ = {isa = PBXFileReference; lastKnownFileType = image.png; path = Doran.png; sourceTree = "<group>"; };
		562A9B8427D5F3070064B991 /* Peanut.png */ = {isa = PBXFileReference; lastKnownFileType = image.png; path = Peanut.png; sourceTree = "<group>"; };
		562A9B8527D5F3070064B991 /* Ruler.png */ = {isa = PBXFileReference; lastKnownFileType = image.png; path = Ruler.png; sourceTree = "<group>"; };
		562A9B8B27D5F30D0064B991 /* Burdol.png */ = {isa = PBXFileReference; lastKnownFileType = image.png; path = Burdol.png; sourceTree = "<group>"; };
		562A9B8C27D5F30D0064B991 /* Canyon.png */ = {isa = PBXFileReference; lastKnownFileType = image.png; path = Canyon.png; sourceTree = "<group>"; };
		562A9B8D27D5F30D0064B991 /* ShowMaker.png */ = {isa = PBXFileReference; lastKnownFileType = image.png; path = ShowMaker.png; sourceTree = "<group>"; };
		562A9B8E27D5F30D0064B991 /* deokdam.png */ = {isa = PBXFileReference; lastKnownFileType = image.png; path = deokdam.png; sourceTree = "<group>"; };
		562A9B8F27D5F30E0064B991 /* Kellin.png */ = {isa = PBXFileReference; lastKnownFileType = image.png; path = Kellin.png; sourceTree = "<group>"; };
		562A9B9527D5F3150064B991 /* UmTi.png */ = {isa = PBXFileReference; lastKnownFileType = image.png; path = UmTi.png; sourceTree = "<group>"; };
		562A9B9627D5F3150064B991 /* Lava.png */ = {isa = PBXFileReference; lastKnownFileType = image.png; path = Lava.png; sourceTree = "<group>"; };
		562A9B9727D5F3160064B991 /* Hena.png */ = {isa = PBXFileReference; lastKnownFileType = image.png; path = Hena.png; sourceTree = "<group>"; };
		562A9B9827D5F3160064B991 /* Morgan.png */ = {isa = PBXFileReference; lastKnownFileType = image.png; path = Morgan.png; sourceTree = "<group>"; };
		562A9B9927D5F3160064B991 /* Delight.png */ = {isa = PBXFileReference; lastKnownFileType = image.png; path = Delight.png; sourceTree = "<group>"; };
		562A9BA127D5F31D0064B991 /* Teddy.png */ = {isa = PBXFileReference; lastKnownFileType = image.png; path = Teddy.png; sourceTree = "<group>"; };
		562A9BA927D5F3250064B991 /* Deft.png */ = {isa = PBXFileReference; lastKnownFileType = image.png; path = Deft.png; sourceTree = "<group>"; };
		562A9BAA27D5F3250064B991 /* Zeka.png */ = {isa = PBXFileReference; lastKnownFileType = image.png; path = Zeka.png; sourceTree = "<group>"; };
		562A9BAB27D5F3250064B991 /* Pyosik.png */ = {isa = PBXFileReference; lastKnownFileType = image.png; path = Pyosik.png; sourceTree = "<group>"; };
		562A9BAC27D5F3250064B991 /* Kingen.png */ = {isa = PBXFileReference; lastKnownFileType = image.png; path = Kingen.png; sourceTree = "<group>"; };
		562A9BAD27D5F3250064B991 /* BeryL.png */ = {isa = PBXFileReference; lastKnownFileType = image.png; path = BeryL.png; sourceTree = "<group>"; };
		562A9BB327D5F32F0064B991 /* Bdd.png */ = {isa = PBXFileReference; lastKnownFileType = image.png; path = Bdd.png; sourceTree = "<group>"; };
		562A9BB427D5F32F0064B991 /* Dread.png */ = {isa = PBXFileReference; lastKnownFileType = image.png; path = Dread.png; sourceTree = "<group>"; };
		562A9BB527D5F32F0064B991 /* Canna.png */ = {isa = PBXFileReference; lastKnownFileType = image.png; path = Canna.png; sourceTree = "<group>"; };
		562A9BB627D5F32F0064B991 /* Ghost.png */ = {isa = PBXFileReference; lastKnownFileType = image.png; path = Ghost.png; sourceTree = "<group>"; };
		562A9BB727D5F32F0064B991 /* Effort.png */ = {isa = PBXFileReference; lastKnownFileType = image.png; path = Effort.png; sourceTree = "<group>"; };
		562A9BBD27D5F3370064B991 /* Kael.png */ = {isa = PBXFileReference; lastKnownFileType = image.png; path = Kael.png; sourceTree = "<group>"; };
		562A9BBE27D5F3380064B991 /* Ice.png */ = {isa = PBXFileReference; lastKnownFileType = image.png; path = Ice.png; sourceTree = "<group>"; };
		562A9BBF27D5F3380064B991 /* Clozer.png */ = {isa = PBXFileReference; lastKnownFileType = image.png; path = Clozer.png; sourceTree = "<group>"; };
		562A9BC027D5F3380064B991 /* Croco.png */ = {isa = PBXFileReference; lastKnownFileType = image.png; path = Croco.png; sourceTree = "<group>"; };
		562A9BC127D5F3380064B991 /* Dove.png */ = {isa = PBXFileReference; lastKnownFileType = image.png; path = Dove.png; sourceTree = "<group>"; };
		562A9BC727D5F33E0064B991 /* Karis.png */ = {isa = PBXFileReference; lastKnownFileType = image.png; path = Karis.png; sourceTree = "<group>"; };
		562A9BC827D5F33E0064B991 /* SamD.png */ = {isa = PBXFileReference; lastKnownFileType = image.png; path = SamD.png; sourceTree = "<group>"; };
		562A9BC927D5F33E0064B991 /* OnFleek.png */ = {isa = PBXFileReference; lastKnownFileType = image.png; path = OnFleek.png; sourceTree = "<group>"; };
		562A9BCA27D5F33E0064B991 /* Vsta.png */ = {isa = PBXFileReference; lastKnownFileType = image.png; path = Vsta.png; sourceTree = "<group>"; };
		562A9BCB27D5F33E0064B991 /* DuDu.png */ = {isa = PBXFileReference; lastKnownFileType = image.png; path = DuDu.png; sourceTree = "<group>"; };
		562A9BD927D5F7380064B991 /* Hoit.jpeg */ = {isa = PBXFileReference; lastKnownFileType = image.jpeg; path = Hoit.jpeg; sourceTree = "<group>"; };
		562A9BDA27D5F7380064B991 /* FATE.jpeg */ = {isa = PBXFileReference; lastKnownFileType = image.jpeg; path = FATE.jpeg; sourceTree = "<group>"; };
		562A9BDB27D5F7380064B991 /* Kiin.jpeg */ = {isa = PBXFileReference; lastKnownFileType = image.jpeg; path = Kiin.jpeg; sourceTree = "<group>"; };
		562A9BDC27D5F7380064B991 /* Ellim.jpeg */ = {isa = PBXFileReference; lastKnownFileType = image.jpeg; path = Ellim.jpeg; sourceTree = "<group>"; };
		562A9BE127D5FA630064B991 /* Kwangdong.png */ = {isa = PBXFileReference; lastKnownFileType = image.png; path = Kwangdong.png; sourceTree = "<group>"; };
		562A9BE327D62F570064B991 /* PlayerImageCell.swift */ = {isa = PBXFileReference; lastKnownFileType = sourcecode.swift; path = PlayerImageCell.swift; sourceTree = "<group>"; };
		562DB967271E93DF00EC6ABE /* HomeTableViewSectionHeader.swift */ = {isa = PBXFileReference; lastKnownFileType = sourcecode.swift; path = HomeTableViewSectionHeader.swift; sourceTree = "<group>"; };
		56418A9F273CF0A5005BEF2E /* LeagueScheduleTableViewSectionType.swift */ = {isa = PBXFileReference; lastKnownFileType = sourcecode.swift; path = LeagueScheduleTableViewSectionType.swift; sourceTree = "<group>"; };
		5642CD082755EC250017F78B /* SeasonSectionViewController.swift */ = {isa = PBXFileReference; lastKnownFileType = sourcecode.swift; path = SeasonSectionViewController.swift; sourceTree = "<group>"; };
		5642CD0A275624160017F78B /* Season.swift */ = {isa = PBXFileReference; lastKnownFileType = sourcecode.swift; path = Season.swift; sourceTree = "<group>"; };
		5642CD0C275624760017F78B /* SeasonCollectionViewModel.swift */ = {isa = PBXFileReference; lastKnownFileType = sourcecode.swift; path = SeasonCollectionViewModel.swift; sourceTree = "<group>"; };
		5642CD0E275625C40017F78B /* SeasonSelectionTableViewCell.swift */ = {isa = PBXFileReference; lastKnownFileType = sourcecode.swift; path = SeasonSelectionTableViewCell.swift; sourceTree = "<group>"; };
		564345472731301F00E7994B /* LeagueScheduleTableViewCellModel.swift */ = {isa = PBXFileReference; lastKnownFileType = sourcecode.swift; path = LeagueScheduleTableViewCellModel.swift; sourceTree = "<group>"; };
		5646AC272750D47D009F295A /* NewsTableViewModel.swift */ = {isa = PBXFileReference; lastKnownFileType = sourcecode.swift; path = NewsTableViewModel.swift; sourceTree = "<group>"; };
		5646AC292750D4BD009F295A /* NewsTableViewCell.swift */ = {isa = PBXFileReference; lastKnownFileType = sourcecode.swift; path = NewsTableViewCell.swift; sourceTree = "<group>"; };
		56492AC7276857A80094D41E /* PlayerDetailCell.swift */ = {isa = PBXFileReference; lastKnownFileType = sourcecode.swift; path = PlayerDetailCell.swift; sourceTree = "<group>"; };
		56492ACB276870A30094D41E /* PlayerDetailCategoryType.swift */ = {isa = PBXFileReference; lastKnownFileType = sourcecode.swift; path = PlayerDetailCategoryType.swift; sourceTree = "<group>"; };
		564B3D9127506C3000A62E4C /* CategoryTableViewCell.swift */ = {isa = PBXFileReference; lastKnownFileType = sourcecode.swift; path = CategoryTableViewCell.swift; sourceTree = "<group>"; };
		564B3D932750770300A62E4C /* StandingsType.swift */ = {isa = PBXFileReference; lastKnownFileType = sourcecode.swift; path = StandingsType.swift; sourceTree = "<group>"; };
		564B3D952750D0DE00A62E4C /* News.swift */ = {isa = PBXFileReference; lastKnownFileType = sourcecode.swift; path = News.swift; sourceTree = "<group>"; };
		564C0A6827D4985B00C67D47 /* SendPlayerDetailVCDelegate.swift */ = {isa = PBXFileReference; lastKnownFileType = sourcecode.swift; path = SendPlayerDetailVCDelegate.swift; sourceTree = "<group>"; };
		564C0A6A27D498AA00C67D47 /* PresentPlayerDetailVCDelegate.swift */ = {isa = PBXFileReference; lastKnownFileType = sourcecode.swift; path = PresentPlayerDetailVCDelegate.swift; sourceTree = "<group>"; };
		564EC1FC2709D63800DCA9E6 /* JoinUs.app */ = {isa = PBXFileReference; explicitFileType = wrapper.application; includeInIndex = 0; path = JoinUs.app; sourceTree = BUILT_PRODUCTS_DIR; };
		564EC1FF2709D63800DCA9E6 /* AppDelegate.swift */ = {isa = PBXFileReference; lastKnownFileType = sourcecode.swift; path = AppDelegate.swift; sourceTree = "<group>"; };
		564EC2012709D63800DCA9E6 /* SceneDelegate.swift */ = {isa = PBXFileReference; lastKnownFileType = sourcecode.swift; path = SceneDelegate.swift; sourceTree = "<group>"; };
		564EC2032709D63800DCA9E6 /* HomeViewController.swift */ = {isa = PBXFileReference; lastKnownFileType = sourcecode.swift; path = HomeViewController.swift; sourceTree = "<group>"; };
		564EC2082709D63900DCA9E6 /* Assets.xcassets */ = {isa = PBXFileReference; lastKnownFileType = folder.assetcatalog; path = Assets.xcassets; sourceTree = "<group>"; };
		564EC20B2709D63900DCA9E6 /* Base */ = {isa = PBXFileReference; lastKnownFileType = file.storyboard; name = Base; path = Base.lproj/LaunchScreen.storyboard; sourceTree = "<group>"; };
		564EC20D2709D63900DCA9E6 /* Info.plist */ = {isa = PBXFileReference; lastKnownFileType = text.plist.xml; path = Info.plist; sourceTree = "<group>"; };
		564FCB0D27BA9211008B329D /* CustomMonthBar.swift */ = {isa = PBXFileReference; lastKnownFileType = sourcecode.swift; path = CustomMonthBar.swift; sourceTree = "<group>"; };
		564FCB0F27BA9D20008B329D /* NoMonthScheduleCollectionViewCell.swift */ = {isa = PBXFileReference; lastKnownFileType = sourcecode.swift; path = NoMonthScheduleCollectionViewCell.swift; sourceTree = "<group>"; };
		56555F6D273670AA00A8A53D /* Observable.swift */ = {isa = PBXFileReference; lastKnownFileType = sourcecode.swift; path = Observable.swift; sourceTree = "<group>"; };
		565BC1882766D7D5000C4A33 /* PlayerDetailViewController.swift */ = {isa = PBXFileReference; lastKnownFileType = sourcecode.swift; path = PlayerDetailViewController.swift; sourceTree = "<group>"; };
		565CA24327229FC500669E8F /* LeagueScheduleTableViewModel.swift */ = {isa = PBXFileReference; lastKnownFileType = sourcecode.swift; path = LeagueScheduleTableViewModel.swift; sourceTree = "<group>"; };
		56630871276F0DD7006A1DD4 /* Coordinator.swift */ = {isa = PBXFileReference; lastKnownFileType = sourcecode.swift; path = Coordinator.swift; sourceTree = "<group>"; };
		566A49A927CB000B009CCD12 /* CustomTeamBar.swift */ = {isa = PBXFileReference; lastKnownFileType = sourcecode.swift; path = CustomTeamBar.swift; sourceTree = "<group>"; };
		566A49AC27CB8855009CCD12 /* CustomTabBarDelegate.swift */ = {isa = PBXFileReference; lastKnownFileType = sourcecode.swift; path = CustomTabBarDelegate.swift; sourceTree = "<group>"; };
		566FAC4C27D8695300DD1CBC /* SelectionSeasonDelegate.swift */ = {isa = PBXFileReference; lastKnownFileType = sourcecode.swift; path = SelectionSeasonDelegate.swift; sourceTree = "<group>"; };
		5677F5A5273A018900BACF0B /* HomeTableViewSectionType.swift */ = {isa = PBXFileReference; lastKnownFileType = sourcecode.swift; path = HomeTableViewSectionType.swift; sourceTree = "<group>"; };
		56789D4427170186001B4784 /* TabBarController.swift */ = {isa = PBXFileReference; lastKnownFileType = sourcecode.swift; path = TabBarController.swift; sourceTree = "<group>"; };
		5693ED6827D74B4E00F88881 /* SUP.png */ = {isa = PBXFileReference; lastKnownFileType = image.png; path = SUP.png; sourceTree = "<group>"; };
		5693ED6927D74B4E00F88881 /* MID.png */ = {isa = PBXFileReference; lastKnownFileType = image.png; path = MID.png; sourceTree = "<group>"; };
		5693ED6A27D74B4E00F88881 /* JUG.png */ = {isa = PBXFileReference; lastKnownFileType = image.png; path = JUG.png; sourceTree = "<group>"; };
		5693ED6B27D74B4E00F88881 /* BOT.png */ = {isa = PBXFileReference; lastKnownFileType = image.png; path = BOT.png; sourceTree = "<group>"; };
		5693ED6C27D74B4F00F88881 /* TOP.png */ = {isa = PBXFileReference; lastKnownFileType = image.png; path = TOP.png; sourceTree = "<group>"; };
		5693ED7227D7862200F88881 /* PlayerFrontDataCell.swift */ = {isa = PBXFileReference; lastKnownFileType = sourcecode.swift; path = PlayerFrontDataCell.swift; sourceTree = "<group>"; };
		569A834C27CF2D9F00BDE354 /* RefreshTableViewDelegate.swift */ = {isa = PBXFileReference; lastKnownFileType = sourcecode.swift; path = RefreshTableViewDelegate.swift; sourceTree = "<group>"; };
		56AABF6127BBDD3200E4BE41 /* SchedulePageCollectionViewCell.swift */ = {isa = PBXFileReference; lastKnownFileType = sourcecode.swift; path = SchedulePageCollectionViewCell.swift; sourceTree = "<group>"; };
		56AC6675274E1BD900CC2BF1 /* CrawlManager.swift */ = {isa = PBXFileReference; lastKnownFileType = sourcecode.swift; path = CrawlManager.swift; sourceTree = "<group>"; };
		56B1A71F274F1F7D00C91BB8 /* Standings.swift */ = {isa = PBXFileReference; lastKnownFileType = sourcecode.swift; path = Standings.swift; sourceTree = "<group>"; };
		56B1A721274F409C00C91BB8 /* StandingsVIewModel.swift */ = {isa = PBXFileReference; lastKnownFileType = sourcecode.swift; path = StandingsVIewModel.swift; sourceTree = "<group>"; };
		56B1A723274F421E00C91BB8 /* StandingsTableViewCell.swift */ = {isa = PBXFileReference; lastKnownFileType = sourcecode.swift; path = StandingsTableViewCell.swift; sourceTree = "<group>"; };
		56BFFC102720FDE1007A1826 /* TeamPlayerPagerView.swift */ = {isa = PBXFileReference; lastKnownFileType = sourcecode.swift; path = TeamPlayerPagerView.swift; sourceTree = "<group>"; };
		56BFFC1427210025007A1826 /* TeamPlayerCollectionViewCell.swift */ = {isa = PBXFileReference; lastKnownFileType = sourcecode.swift; path = TeamPlayerCollectionViewCell.swift; sourceTree = "<group>"; };
		56C2CEB3271D63DF005691C6 /* ScheduleTableViewCell.swift */ = {isa = PBXFileReference; lastKnownFileType = sourcecode.swift; path = ScheduleTableViewCell.swift; sourceTree = "<group>"; };
		56C71EE4273AB41E0017EE77 /* NetworkManager.swift */ = {isa = PBXFileReference; lastKnownFileType = sourcecode.swift; path = NetworkManager.swift; sourceTree = "<group>"; };
		56C7854E277048E300940A2D /* Player.swift */ = {isa = PBXFileReference; lastKnownFileType = sourcecode.swift; name = Player.swift; path = Response/Player.swift; sourceTree = "<group>"; };
		56DD9A5A27CDDDBB0044538E /* CustomActivityIndicatorView.swift */ = {isa = PBXFileReference; lastKnownFileType = sourcecode.swift; path = CustomActivityIndicatorView.swift; sourceTree = "<group>"; };
		56DE7C6E2734BAC60093C9AE /* Game.swift */ = {isa = PBXFileReference; lastKnownFileType = sourcecode.swift; path = Game.swift; sourceTree = "<group>"; };
		56DE7C712734BADC0093C9AE /* Winner.swift */ = {isa = PBXFileReference; lastKnownFileType = sourcecode.swift; path = Winner.swift; sourceTree = "<group>"; };
		56DE7C742734BAEA0093C9AE /* League.swift */ = {isa = PBXFileReference; lastKnownFileType = sourcecode.swift; path = League.swift; sourceTree = "<group>"; };
		56DE7C772734BAF60093C9AE /* Opponents.swift */ = {isa = PBXFileReference; lastKnownFileType = sourcecode.swift; path = Opponents.swift; sourceTree = "<group>"; };
		56DE7C7A2734BAFD0093C9AE /* Opponent.swift */ = {isa = PBXFileReference; lastKnownFileType = sourcecode.swift; path = Opponent.swift; sourceTree = "<group>"; };
		56DE7C822734BE110093C9AE /* DateFotmat.swift */ = {isa = PBXFileReference; lastKnownFileType = sourcecode.swift; path = DateFotmat.swift; sourceTree = "<group>"; };
		56DE7C872734E68D0093C9AE /* DateFormatter.swift */ = {isa = PBXFileReference; lastKnownFileType = sourcecode.swift; path = DateFormatter.swift; sourceTree = "<group>"; };
		56DE7C8F273545310093C9AE /* Storage.swift */ = {isa = PBXFileReference; lastKnownFileType = sourcecode.swift; path = Storage.swift; sourceTree = "<group>"; };
		56DE7C96273572B80093C9AE /* LeagueScheduleTableViewCell.swift */ = {isa = PBXFileReference; lastKnownFileType = sourcecode.swift; path = LeagueScheduleTableViewCell.swift; sourceTree = "<group>"; };
		56E26B8827193C92007C9EE0 /* ScheduleViewController.swift */ = {isa = PBXFileReference; lastKnownFileType = sourcecode.swift; path = ScheduleViewController.swift; sourceTree = "<group>"; };
		56E26B8B27193CA7007C9EE0 /* StandingsViewController.swift */ = {isa = PBXFileReference; lastKnownFileType = sourcecode.swift; path = StandingsViewController.swift; sourceTree = "<group>"; };
		56E26B8E27193CB8007C9EE0 /* NewsViewController.swift */ = {isa = PBXFileReference; lastKnownFileType = sourcecode.swift; path = NewsViewController.swift; sourceTree = "<group>"; };
		56E8E63127322F15003A0EDA /* ReceivedScheduleModel.swift */ = {isa = PBXFileReference; lastKnownFileType = sourcecode.swift; path = ReceivedScheduleModel.swift; sourceTree = "<group>"; };
		56E9F0BD27394B3E00E7A901 /* MatchStatusType.swift */ = {isa = PBXFileReference; lastKnownFileType = sourcecode.swift; path = MatchStatusType.swift; sourceTree = "<group>"; };
		56E9F0C12739600500E7A901 /* LeagueScheduleTableViewSectionHeader.swift */ = {isa = PBXFileReference; lastKnownFileType = sourcecode.swift; path = LeagueScheduleTableViewSectionHeader.swift; sourceTree = "<group>"; };
		56FC0C7B270CAB1800E1FE3B /* TeamBarCollectionViewCell.swift */ = {isa = PBXFileReference; lastKnownFileType = sourcecode.swift; path = TeamBarCollectionViewCell.swift; sourceTree = "<group>"; };
		5F6CC99A0F5B2A97AA8FEBE4 /* Pods-JoinUs.debug.xcconfig */ = {isa = PBXFileReference; includeInIndex = 1; lastKnownFileType = text.xcconfig; name = "Pods-JoinUs.debug.xcconfig"; path = "Target Support Files/Pods-JoinUs/Pods-JoinUs.debug.xcconfig"; sourceTree = "<group>"; };
		DE2EFA195FAFF65F561DAB3D /* Pods-JoinUs.release.xcconfig */ = {isa = PBXFileReference; includeInIndex = 1; lastKnownFileType = text.xcconfig; name = "Pods-JoinUs.release.xcconfig"; path = "Target Support Files/Pods-JoinUs/Pods-JoinUs.release.xcconfig"; sourceTree = "<group>"; };
/* End PBXFileReference section */

/* Begin PBXFrameworksBuildPhase section */
		564EC1F92709D63800DCA9E6 /* Frameworks */ = {
			isa = PBXFrameworksBuildPhase;
			buildActionMask = 2147483647;
			files = (
				05E5CA236769BA5C49429A3C /* Pods_JoinUs.framework in Frameworks */,
			);
			runOnlyForDeploymentPostprocessing = 0;
		};
/* End PBXFrameworksBuildPhase section */

/* Begin PBXGroup section */
		096F70A87D11E6C8EE6CE571 /* Pods */ = {
			isa = PBXGroup;
			children = (
				5F6CC99A0F5B2A97AA8FEBE4 /* Pods-JoinUs.debug.xcconfig */,
				DE2EFA195FAFF65F561DAB3D /* Pods-JoinUs.release.xcconfig */,
			);
			path = Pods;
			sourceTree = "<group>";
		};
		5602F05F270D75FD0096B048 /* Resource */ = {
			isa = PBXGroup;
			children = (
				5693ED6727D74B4400F88881 /* Role */,
				5605BB06271532EE00A9811A /* TeamImage */,
				5605BB07271532FF00A9811A /* PlayerImage */,
				564EC2082709D63900DCA9E6 /* Assets.xcassets */,
			);
			path = Resource;
			sourceTree = "<group>";
		};
		5605BB06271532EE00A9811A /* TeamImage */ = {
			isa = PBXGroup;
			children = (
				5605BB792715349900A9811A /* T1.png */,
				5605BB7E2715349900A9811A /* GenG.png */,
				5605BB782715349900A9811A /* DK.png */,
				5605BB7F2715349900A9811A /* DRX.png */,
				562A9BE127D5FA630064B991 /* Kwangdong.png */,
				5605BB7B2715349900A9811A /* Fredit.png */,
				5605BB802715349900A9811A /* NS.png */,
				5605BB7D2715349900A9811A /* KT.png */,
				5605BB7A2715349900A9811A /* Liiv.png */,
				5605BB7C2715349900A9811A /* HLE.png */,
			);
			path = TeamImage;
			sourceTree = "<group>";
		};
		5605BB07271532FF00A9811A /* PlayerImage */ = {
			isa = PBXGroup;
			children = (
				5605BB1A2715348F00A9811A /* T1 */,
				5605BB262715348F00A9811A /* 젠지 */,
				5605BB2C2715348F00A9811A /* 담원기아 */,
				5605BB142715348F00A9811A /* DRX */,
				5605BB0E2715348F00A9811A /* 광동프릭스 */,
				5605BB382715348F00A9811A /* 프레딧 */,
				5605BB322715348F00A9811A /* 농심 */,
				5605BB082715348F00A9811A /* KT */,
				5605BB202715348F00A9811A /* 리브샌박 */,
				5605BB3E2715348F00A9811A /* 한화생명 */,
			);
			path = PlayerImage;
			sourceTree = "<group>";
		};
		5605BB082715348F00A9811A /* KT */ = {
			isa = PBXGroup;
			children = (
				562A9B7A27D5F2F50064B991 /* Aria.jpeg */,
				562A9B7827D5F2F40064B991 /* Cuzz.jpeg */,
				562A9B7B27D5F2F50064B991 /* Rascal.jpeg */,
				562A9B7927D5F2F40064B991 /* Aiming.jpeg */,
				562A9B7727D5F2F40064B991 /* Life.jpeg */,
			);
			path = KT;
			sourceTree = "<group>";
		};
		5605BB0E2715348F00A9811A /* 광동프릭스 */ = {
			isa = PBXGroup;
			children = (
				562A9BDC27D5F7380064B991 /* Ellim.jpeg */,
				562A9BDA27D5F7380064B991 /* FATE.jpeg */,
				562A9BD927D5F7380064B991 /* Hoit.jpeg */,
				562A9BDB27D5F7380064B991 /* Kiin.jpeg */,
				562A9BA127D5F31D0064B991 /* Teddy.png */,
			);
			name = "광동프릭스";
			path = "광동프릭스";
			sourceTree = "<group>";
		};
		5605BB142715348F00A9811A /* DRX */ = {
			isa = PBXGroup;
			children = (
				562A9BAA27D5F3250064B991 /* Zeka.png */,
				562A9BAB27D5F3250064B991 /* Pyosik.png */,
				562A9BAC27D5F3250064B991 /* Kingen.png */,
				562A9BA927D5F3250064B991 /* Deft.png */,
				562A9BAD27D5F3250064B991 /* BeryL.png */,
			);
			path = DRX;
			sourceTree = "<group>";
		};
		5605BB1A2715348F00A9811A /* T1 */ = {
			isa = PBXGroup;
			children = (
				562A9B6D27D5F2EA0064B991 /* Faker.png */,
				562A9B6F27D5F2EA0064B991 /* Oner.png */,
				562A9B7027D5F2EA0064B991 /* Zeus.png */,
				562A9B7127D5F2EA0064B991 /* Gumayusi.png */,
				562A9B6E27D5F2EA0064B991 /* Keria.png */,
			);
			path = T1;
			sourceTree = "<group>";
		};
		5605BB202715348F00A9811A /* 리브샌박 */ = {
			isa = PBXGroup;
			children = (
				562A9BBF27D5F3380064B991 /* Clozer.png */,
				562A9BC027D5F3380064B991 /* Croco.png */,
				562A9BC127D5F3380064B991 /* Dove.png */,
				562A9BBE27D5F3380064B991 /* Ice.png */,
				562A9BBD27D5F3370064B991 /* Kael.png */,
			);
			path = "리브샌박";
			sourceTree = "<group>";
		};
		5605BB262715348F00A9811A /* 젠지 */ = {
			isa = PBXGroup;
			children = (
				562A9B8227D5F3070064B991 /* Chovy.png */,
				562A9B8427D5F3070064B991 /* Peanut.png */,
				562A9B8327D5F3070064B991 /* Doran.png */,
				562A9B8527D5F3070064B991 /* Ruler.png */,
				562A9B8127D5F3060064B991 /* Lehends.png */,
			);
			path = "젠지";
			sourceTree = "<group>";
		};
		5605BB2C2715348F00A9811A /* 담원기아 */ = {
			isa = PBXGroup;
			children = (
				562A9B8D27D5F30D0064B991 /* ShowMaker.png */,
				562A9B8C27D5F30D0064B991 /* Canyon.png */,
				562A9B8B27D5F30D0064B991 /* Burdol.png */,
				562A9B8E27D5F30D0064B991 /* deokdam.png */,
				562A9B8F27D5F30E0064B991 /* Kellin.png */,
			);
			path = "담원기아";
			sourceTree = "<group>";
		};
		5605BB322715348F00A9811A /* 농심 */ = {
			isa = PBXGroup;
			children = (
				562A9BB327D5F32F0064B991 /* Bdd.png */,
				562A9BB427D5F32F0064B991 /* Dread.png */,
				562A9BB527D5F32F0064B991 /* Canna.png */,
				562A9BB627D5F32F0064B991 /* Ghost.png */,
				562A9BB727D5F32F0064B991 /* Effort.png */,
			);
			path = "농심";
			sourceTree = "<group>";
		};
		5605BB382715348F00A9811A /* 프레딧 */ = {
			isa = PBXGroup;
			children = (
				562A9B9627D5F3150064B991 /* Lava.png */,
				562A9B9527D5F3150064B991 /* UmTi.png */,
				562A9B9827D5F3160064B991 /* Morgan.png */,
				562A9B9727D5F3160064B991 /* Hena.png */,
				562A9B9927D5F3160064B991 /* Delight.png */,
			);
			path = "프레딧";
			sourceTree = "<group>";
		};
		5605BB3E2715348F00A9811A /* 한화생명 */ = {
			isa = PBXGroup;
			children = (
				562A9BC727D5F33E0064B991 /* Karis.png */,
				562A9BC927D5F33E0064B991 /* OnFleek.png */,
				562A9BCB27D5F33E0064B991 /* DuDu.png */,
				562A9BC827D5F33E0064B991 /* SamD.png */,
				562A9BCA27D5F33E0064B991 /* Vsta.png */,
			);
			path = "한화생명";
			sourceTree = "<group>";
		};
		5605BB932715631C00A9811A /* Enum */ = {
			isa = PBXGroup;
			children = (
				56DE7C822734BE110093C9AE /* DateFotmat.swift */,
				56E9F0BD27394B3E00E7A901 /* MatchStatusType.swift */,
				5677F5A5273A018900BACF0B /* HomeTableViewSectionType.swift */,
				56418A9F273CF0A5005BEF2E /* LeagueScheduleTableViewSectionType.swift */,
				5605BB942715636500A9811A /* TeamType.swift */,
				564B3D932750770300A62E4C /* StandingsType.swift */,
				56492ACB276870A30094D41E /* PlayerDetailCategoryType.swift */,
			);
			path = Enum;
			sourceTree = "<group>";
		};
		561019C52757194C001F2C55 /* Strings */ = {
			isa = PBXGroup;
			children = (
				561019C627571960001F2C55 /* Strings.swift */,
			);
			path = Strings;
			sourceTree = "<group>";
		};
		5643453C2730FCDE00E7994B /* Network */ = {
			isa = PBXGroup;
			children = (
				56DE7C6B2734B9D80093C9AE /* Enum */,
				56C71EE4273AB41E0017EE77 /* NetworkManager.swift */,
				56AC6675274E1BD900CC2BF1 /* CrawlManager.swift */,
				561019C327570A5C001F2C55 /* RequestSeason.swift */,
			);
			path = Network;
			sourceTree = "<group>";
		};
		564C518627144091001419BE /* SupportingFile */ = {
			isa = PBXGroup;
			children = (
				564EC1FF2709D63800DCA9E6 /* AppDelegate.swift */,
				564EC2012709D63800DCA9E6 /* SceneDelegate.swift */,
				564EC20A2709D63900DCA9E6 /* LaunchScreen.storyboard */,
				564EC20D2709D63900DCA9E6 /* Info.plist */,
			);
			path = SupportingFile;
			sourceTree = "<group>";
		};
		564EC1F32709D63800DCA9E6 = {
			isa = PBXGroup;
			children = (
				564EC1FE2709D63800DCA9E6 /* JoinUs */,
				096F70A87D11E6C8EE6CE571 /* Pods */,
				7D021C45D234223027773AF6 /* Frameworks */,
			);
			sourceTree = "<group>";
		};
		564EC1FD2709D63800DCA9E6 /* Product */ = {
			isa = PBXGroup;
			children = (
				564EC1FC2709D63800DCA9E6 /* JoinUs.app */,
			);
			name = Product;
			path = ..;
			sourceTree = "<group>";
		};
		564EC1FE2709D63800DCA9E6 /* JoinUs */ = {
			isa = PBXGroup;
			children = (
				56C7854D2770459C00940A2D /* Source */,
				5605BB932715631C00A9811A /* Enum */,
				5643453C2730FCDE00E7994B /* Network */,
				566A49AB27CB863E009CCD12 /* Protocol */,
				56DD9A5927CDDD7C0044538E /* LoadingView */,
				56DE7C862734E67D0093C9AE /* Extension */,
				56630870276F0DC8006A1DD4 /* Coordinator */,
				561019C52757194C001F2C55 /* Strings */,
				5602F05F270D75FD0096B048 /* Resource */,
				564C518627144091001419BE /* SupportingFile */,
				56DE7C8F273545310093C9AE /* Storage.swift */,
				564EC1FD2709D63800DCA9E6 /* Product */,
			);
			path = JoinUs;
			sourceTree = "<group>";
		};
		564FCB0C27BA91C3008B329D /* View */ = {
			isa = PBXGroup;
			children = (
				564FCB0D27BA9211008B329D /* CustomMonthBar.swift */,
			);
			path = View;
			sourceTree = "<group>";
		};
		56630870276F0DC8006A1DD4 /* Coordinator */ = {
			isa = PBXGroup;
			children = (
				56630871276F0DD7006A1DD4 /* Coordinator.swift */,
			);
			path = Coordinator;
			sourceTree = "<group>";
		};
		566A49AB27CB863E009CCD12 /* Protocol */ = {
			isa = PBXGroup;
			children = (
				566A49AC27CB8855009CCD12 /* CustomTabBarDelegate.swift */,
				569A834C27CF2D9F00BDE354 /* RefreshTableViewDelegate.swift */,
				564C0A6827D4985B00C67D47 /* SendPlayerDetailVCDelegate.swift */,
				564C0A6A27D498AA00C67D47 /* PresentPlayerDetailVCDelegate.swift */,
				566FAC4C27D8695300DD1CBC /* SelectionSeasonDelegate.swift */,
			);
			path = Protocol;
			sourceTree = "<group>";
		};
		5693ED6727D74B4400F88881 /* Role */ = {
			isa = PBXGroup;
			children = (
				5693ED6C27D74B4F00F88881 /* TOP.png */,
				5693ED6A27D74B4E00F88881 /* JUG.png */,
				5693ED6927D74B4E00F88881 /* MID.png */,
				5693ED6B27D74B4E00F88881 /* BOT.png */,
				5693ED6827D74B4E00F88881 /* SUP.png */,
			);
			path = Role;
			sourceTree = "<group>";
		};
		56C785332770244E00940A2D /* Home */ = {
			isa = PBXGroup;
			children = (
				56C7853827703CAA00940A2D /* Model */,
				56C7853927703CB200940A2D /* ViewModel */,
				56C7853A27703CB800940A2D /* Cell */,
				56C7853C27703D1400940A2D /* View */,
				56C7853B27703CC000940A2D /* Controller */,
			);
			path = Home;
			sourceTree = "<group>";
		};
		56C785342770245500940A2D /* Schedule */ = {
			isa = PBXGroup;
			children = (
				56C7854027703D9700940A2D /* Model */,
				56C7853F27703D9500940A2D /* ViewModel */,
				56C7853E27703D9300940A2D /* Cell */,
				564FCB0C27BA91C3008B329D /* View */,
				56C7853D27703D8F00940A2D /* Controller */,
			);
			path = Schedule;
			sourceTree = "<group>";
		};
		56C785352770245C00940A2D /* Standings */ = {
			isa = PBXGroup;
			children = (
				56C7854427703E8600940A2D /* Model */,
				56C7854327703E8400940A2D /* VIewModel */,
				56C7854227703E8200940A2D /* Cell */,
				56C7854127703E7F00940A2D /* Controller */,
			);
			path = Standings;
			sourceTree = "<group>";
		};
		56C785362770249800940A2D /* News */ = {
			isa = PBXGroup;
			children = (
				56C7855027704B2700940A2D /* Model */,
				56C7854727703E9800940A2D /* ViewModel */,
				56C7854627703E9600940A2D /* Cell */,
				56C7854527703E9100940A2D /* Controller */,
			);
			path = News;
			sourceTree = "<group>";
		};
		56C7853827703CAA00940A2D /* Model */ = {
			isa = PBXGroup;
			children = (
				56DE7C682734B4CB0093C9AE /* Response */,
				5602F059270D2DE00096B048 /* Team.swift */,
				56C7854E277048E300940A2D /* Player.swift */,
				564345472731301F00E7994B /* LeagueScheduleTableViewCellModel.swift */,
				56555F6D273670AA00A8A53D /* Observable.swift */,
			);
			path = Model;
			sourceTree = "<group>";
		};
		56C7853927703CB200940A2D /* ViewModel */ = {
			isa = PBXGroup;
			children = (
				5602F05C270D2E0E0096B048 /* TeamTabbarViewModel.swift */,
				5605BB8F2715351700A9811A /* TeamPlayerPageCollectionViewModel.swift */,
				565CA24327229FC500669E8F /* LeagueScheduleTableViewModel.swift */,
			);
			path = ViewModel;
			sourceTree = "<group>";
		};
		56C7853A27703CB800940A2D /* Cell */ = {
			isa = PBXGroup;
			children = (
				56C2CEB3271D63DF005691C6 /* ScheduleTableViewCell.swift */,
				56DE7C96273572B80093C9AE /* LeagueScheduleTableViewCell.swift */,
				56BFFC102720FDE1007A1826 /* TeamPlayerPagerView.swift */,
				56FC0C7B270CAB1800E1FE3B /* TeamBarCollectionViewCell.swift */,
				56BFFC1427210025007A1826 /* TeamPlayerCollectionViewCell.swift */,
				5605BB9827157FBF00A9811A /* PlayerCollectionViewCell.swift */,
				56256B3B2795A68F00C17466 /* NoTodayScheduleTableViewCell.swift */,
				562A9BE327D62F570064B991 /* PlayerImageCell.swift */,
				5693ED7227D7862200F88881 /* PlayerFrontDataCell.swift */,
				56492AC7276857A80094D41E /* PlayerDetailCell.swift */,
			);
			path = Cell;
			sourceTree = "<group>";
		};
		56C7853B27703CC000940A2D /* Controller */ = {
			isa = PBXGroup;
			children = (
				564EC2032709D63800DCA9E6 /* HomeViewController.swift */,
				565BC1882766D7D5000C4A33 /* PlayerDetailViewController.swift */,
			);
			path = Controller;
			sourceTree = "<group>";
		};
		56C7853C27703D1400940A2D /* View */ = {
			isa = PBXGroup;
			children = (
				562DB967271E93DF00EC6ABE /* HomeTableViewSectionHeader.swift */,
				56E9F0C12739600500E7A901 /* LeagueScheduleTableViewSectionHeader.swift */,
				566A49A927CB000B009CCD12 /* CustomTeamBar.swift */,
			);
			path = View;
			sourceTree = "<group>";
		};
		56C7853D27703D8F00940A2D /* Controller */ = {
			isa = PBXGroup;
			children = (
				56E26B8827193C92007C9EE0 /* ScheduleViewController.swift */,
			);
			path = Controller;
			sourceTree = "<group>";
		};
		56C7853E27703D9300940A2D /* Cell */ = {
			isa = PBXGroup;
			children = (
				5622EF9227412E40001E1C35 /* MonthCollectionViewCell.swift */,
				56AABF6127BBDD3200E4BE41 /* SchedulePageCollectionViewCell.swift */,
				560E525F27AF93F5009CBA3F /* DailyScheduleTitle.swift */,
				564FCB0F27BA9D20008B329D /* NoMonthScheduleCollectionViewCell.swift */,
			);
			path = Cell;
			sourceTree = "<group>";
		};
		56C7853F27703D9500940A2D /* ViewModel */ = {
			isa = PBXGroup;
			children = (
				5622EF9027412D60001E1C35 /* MonthCollectionViewModel.swift */,
			);
			path = ViewModel;
			sourceTree = "<group>";
		};
		56C7854027703D9700940A2D /* Model */ = {
			isa = PBXGroup;
			children = (
				5622EF8E27412CD1001E1C35 /* Month.swift */,
			);
			path = Model;
			sourceTree = "<group>";
		};
		56C7854127703E7F00940A2D /* Controller */ = {
			isa = PBXGroup;
			children = (
				56E26B8B27193CA7007C9EE0 /* StandingsViewController.swift */,
				5642CD082755EC250017F78B /* SeasonSectionViewController.swift */,
			);
			path = Controller;
			sourceTree = "<group>";
		};
		56C7854227703E8200940A2D /* Cell */ = {
			isa = PBXGroup;
			children = (
				564B3D9127506C3000A62E4C /* CategoryTableViewCell.swift */,
				56B1A723274F421E00C91BB8 /* StandingsTableViewCell.swift */,
				5642CD0E275625C40017F78B /* SeasonSelectionTableViewCell.swift */,
			);
			path = Cell;
			sourceTree = "<group>";
		};
		56C7854327703E8400940A2D /* VIewModel */ = {
			isa = PBXGroup;
			children = (
				56B1A721274F409C00C91BB8 /* StandingsVIewModel.swift */,
				5642CD0C275624760017F78B /* SeasonCollectionViewModel.swift */,
			);
			path = VIewModel;
			sourceTree = "<group>";
		};
		56C7854427703E8600940A2D /* Model */ = {
			isa = PBXGroup;
			children = (
				56B1A71F274F1F7D00C91BB8 /* Standings.swift */,
				5642CD0A275624160017F78B /* Season.swift */,
			);
			path = Model;
			sourceTree = "<group>";
		};
		56C7854527703E9100940A2D /* Controller */ = {
			isa = PBXGroup;
			children = (
				56E26B8E27193CB8007C9EE0 /* NewsViewController.swift */,
				56098294275EF2EB0029D64C /* NewsDetailViewController.swift */,
			);
			path = Controller;
			sourceTree = "<group>";
		};
		56C7854627703E9600940A2D /* Cell */ = {
			isa = PBXGroup;
			children = (
				5646AC292750D4BD009F295A /* NewsTableViewCell.swift */,
			);
			path = Cell;
			sourceTree = "<group>";
		};
		56C7854727703E9800940A2D /* ViewModel */ = {
			isa = PBXGroup;
			children = (
				5646AC272750D47D009F295A /* NewsTableViewModel.swift */,
			);
			path = ViewModel;
			sourceTree = "<group>";
		};
		56C7854D2770459C00940A2D /* Source */ = {
			isa = PBXGroup;
			children = (
				56FC0C7F270CAB4900E1FE3B /* TabBarController */,
				56C785332770244E00940A2D /* Home */,
				56C785342770245500940A2D /* Schedule */,
				56C785352770245C00940A2D /* Standings */,
				56C785362770249800940A2D /* News */,
			);
			path = Source;
			sourceTree = "<group>";
		};
		56C7855027704B2700940A2D /* Model */ = {
			isa = PBXGroup;
			children = (
				564B3D952750D0DE00A62E4C /* News.swift */,
			);
			path = Model;
			sourceTree = "<group>";
		};
		56DD9A5927CDDD7C0044538E /* LoadingView */ = {
			isa = PBXGroup;
			children = (
				56DD9A5A27CDDDBB0044538E /* CustomActivityIndicatorView.swift */,
			);
			path = LoadingView;
			sourceTree = "<group>";
		};
		56DE7C682734B4CB0093C9AE /* Response */ = {
			isa = PBXGroup;
			children = (
				56E8E63127322F15003A0EDA /* ReceivedScheduleModel.swift */,
				56DE7C6E2734BAC60093C9AE /* Game.swift */,
				56DE7C712734BADC0093C9AE /* Winner.swift */,
				56DE7C742734BAEA0093C9AE /* League.swift */,
				56DE7C772734BAF60093C9AE /* Opponents.swift */,
				56DE7C7A2734BAFD0093C9AE /* Opponent.swift */,
			);
			path = Response;
			sourceTree = "<group>";
		};
		56DE7C6B2734B9D80093C9AE /* Enum */ = {
			isa = PBXGroup;
			children = (
				561EDFAF2723FE3F00D31E7F /* NetworkError.swift */,
				56256B392795038B00C17466 /* RequestLeagueType.swift */,
			);
			path = Enum;
			sourceTree = "<group>";
		};
		56DE7C862734E67D0093C9AE /* Extension */ = {
			isa = PBXGroup;
			children = (
				56DE7C872734E68D0093C9AE /* DateFormatter.swift */,
			);
			path = Extension;
			sourceTree = "<group>";
		};
		56FC0C7F270CAB4900E1FE3B /* TabBarController */ = {
			isa = PBXGroup;
			children = (
				56789D4427170186001B4784 /* TabBarController.swift */,
			);
			path = TabBarController;
			sourceTree = "<group>";
		};
		7D021C45D234223027773AF6 /* Frameworks */ = {
			isa = PBXGroup;
			children = (
				43361298571AC229C84253DF /* Pods_JoinUs.framework */,
			);
			name = Frameworks;
			sourceTree = "<group>";
		};
/* End PBXGroup section */

/* Begin PBXNativeTarget section */
		564EC1FB2709D63800DCA9E6 /* JoinUs */ = {
			isa = PBXNativeTarget;
			buildConfigurationList = 564EC2102709D63900DCA9E6 /* Build configuration list for PBXNativeTarget "JoinUs" */;
			buildPhases = (
				431F18CD1E9C49473EC13C19 /* [CP] Check Pods Manifest.lock */,
				564EC1F82709D63800DCA9E6 /* Sources */,
				564EC1F92709D63800DCA9E6 /* Frameworks */,
				564EC1FA2709D63800DCA9E6 /* Resources */,
				92EFE248C5FC7CDE3B9C676A /* [CP] Embed Pods Frameworks */,
			);
			buildRules = (
			);
			dependencies = (
			);
			name = JoinUs;
			productName = JoinUs;
			productReference = 564EC1FC2709D63800DCA9E6 /* JoinUs.app */;
			productType = "com.apple.product-type.application";
		};
/* End PBXNativeTarget section */

/* Begin PBXProject section */
		564EC1F42709D63800DCA9E6 /* Project object */ = {
			isa = PBXProject;
			attributes = {
				LastSwiftUpdateCheck = 1240;
				LastUpgradeCheck = 1240;
				TargetAttributes = {
					564EC1FB2709D63800DCA9E6 = {
						CreatedOnToolsVersion = 12.4;
					};
				};
			};
			buildConfigurationList = 564EC1F72709D63800DCA9E6 /* Build configuration list for PBXProject "JoinUs" */;
			compatibilityVersion = "Xcode 9.3";
			developmentRegion = en;
			hasScannedForEncodings = 0;
			knownRegions = (
				en,
				Base,
			);
			mainGroup = 564EC1F32709D63800DCA9E6;
			productRefGroup = 564EC1FD2709D63800DCA9E6 /* Product */;
			projectDirPath = "";
			projectRoot = "";
			targets = (
				564EC1FB2709D63800DCA9E6 /* JoinUs */,
			);
		};
/* End PBXProject section */

/* Begin PBXResourcesBuildPhase section */
		564EC1FA2709D63800DCA9E6 /* Resources */ = {
			isa = PBXResourcesBuildPhase;
			buildActionMask = 2147483647;
			files = (
				5605BB842715349900A9811A /* Liiv.png in Resources */,
				564EC20C2709D63900DCA9E6 /* LaunchScreen.storyboard in Resources */,
				5693ED7127D74B4F00F88881 /* TOP.png in Resources */,
				562A9B7527D5F2EA0064B991 /* Zeus.png in Resources */,
				5605BB862715349900A9811A /* HLE.png in Resources */,
				562A9B8827D5F3070064B991 /* Doran.png in Resources */,
				562A9BA627D5F31D0064B991 /* Teddy.png in Resources */,
				564EC2092709D63900DCA9E6 /* Assets.xcassets in Resources */,
				562A9B7227D5F2EA0064B991 /* Faker.png in Resources */,
				562A9BBA27D5F32F0064B991 /* Canna.png in Resources */,
				562A9BAE27D5F3250064B991 /* Deft.png in Resources */,
				5605BB872715349900A9811A /* KT.png in Resources */,
				5605BB8A2715349900A9811A /* NS.png in Resources */,
				562A9B7627D5F2EA0064B991 /* Gumayusi.png in Resources */,
				562A9BB227D5F3250064B991 /* BeryL.png in Resources */,
				562A9BDF27D5F7380064B991 /* Kiin.jpeg in Resources */,
				562A9B8027D5F2F50064B991 /* Rascal.jpeg in Resources */,
				562A9BCF27D5F33E0064B991 /* Vsta.png in Resources */,
				562A9B7C27D5F2F50064B991 /* Life.jpeg in Resources */,
				5605BB822715349900A9811A /* DK.png in Resources */,
				562A9BC227D5F3380064B991 /* Kael.png in Resources */,
				5693ED6E27D74B4F00F88881 /* MID.png in Resources */,
				562A9BB027D5F3250064B991 /* Pyosik.png in Resources */,
				562A9BCC27D5F33E0064B991 /* Karis.png in Resources */,
				562A9B9D27D5F3160064B991 /* Morgan.png in Resources */,
				562A9BBB27D5F32F0064B991 /* Ghost.png in Resources */,
				562A9B8627D5F3070064B991 /* Lehends.png in Resources */,
				562A9B8927D5F3070064B991 /* Peanut.png in Resources */,
				562A9BBC27D5F32F0064B991 /* Effort.png in Resources */,
				562A9B9A27D5F3160064B991 /* UmTi.png in Resources */,
				562A9B8727D5F3070064B991 /* Chovy.png in Resources */,
				562A9BB127D5F3250064B991 /* Kingen.png in Resources */,
				562A9BAF27D5F3250064B991 /* Zeka.png in Resources */,
				562A9B9B27D5F3160064B991 /* Lava.png in Resources */,
				5605BB852715349900A9811A /* Fredit.png in Resources */,
				562A9B9227D5F30E0064B991 /* ShowMaker.png in Resources */,
				562A9B7E27D5F2F50064B991 /* Aiming.jpeg in Resources */,
				562A9BC527D5F3380064B991 /* Croco.png in Resources */,
				562A9B9E27D5F3160064B991 /* Delight.png in Resources */,
				562A9B9327D5F30E0064B991 /* deokdam.png in Resources */,
				5693ED6F27D74B4F00F88881 /* JUG.png in Resources */,
				562A9BDE27D5F7380064B991 /* FATE.jpeg in Resources */,
				5605BB892715349900A9811A /* DRX.png in Resources */,
				562A9B8A27D5F3070064B991 /* Ruler.png in Resources */,
				562A9BD027D5F33E0064B991 /* DuDu.png in Resources */,
				562A9BE227D5FA630064B991 /* Kwangdong.png in Resources */,
				562A9B7F27D5F2F50064B991 /* Aria.jpeg in Resources */,
				562A9B9027D5F30E0064B991 /* Burdol.png in Resources */,
				562A9BB827D5F32F0064B991 /* Bdd.png in Resources */,
				5605BB832715349900A9811A /* T1.png in Resources */,
				562A9BC427D5F3380064B991 /* Clozer.png in Resources */,
				562A9BCE27D5F33E0064B991 /* OnFleek.png in Resources */,
				562A9B7427D5F2EA0064B991 /* Oner.png in Resources */,
				562A9BB927D5F32F0064B991 /* Dread.png in Resources */,
				562A9B7327D5F2EA0064B991 /* Keria.png in Resources */,
				562A9BC627D5F3380064B991 /* Dove.png in Resources */,
				562A9BE027D5F7380064B991 /* Ellim.jpeg in Resources */,
				562A9BDD27D5F7380064B991 /* Hoit.jpeg in Resources */,
				5693ED7027D74B4F00F88881 /* BOT.png in Resources */,
				562A9B9427D5F30E0064B991 /* Kellin.png in Resources */,
				562A9BCD27D5F33E0064B991 /* SamD.png in Resources */,
				5605BB882715349900A9811A /* GenG.png in Resources */,
				562A9B9C27D5F3160064B991 /* Hena.png in Resources */,
				562A9BC327D5F3380064B991 /* Ice.png in Resources */,
				5693ED6D27D74B4F00F88881 /* SUP.png in Resources */,
				562A9B9127D5F30E0064B991 /* Canyon.png in Resources */,
				562A9B7D27D5F2F50064B991 /* Cuzz.jpeg in Resources */,
			);
			runOnlyForDeploymentPostprocessing = 0;
		};
/* End PBXResourcesBuildPhase section */

/* Begin PBXShellScriptBuildPhase section */
		431F18CD1E9C49473EC13C19 /* [CP] Check Pods Manifest.lock */ = {
			isa = PBXShellScriptBuildPhase;
			buildActionMask = 2147483647;
			files = (
			);
			inputFileListPaths = (
			);
			inputPaths = (
				"${PODS_PODFILE_DIR_PATH}/Podfile.lock",
				"${PODS_ROOT}/Manifest.lock",
			);
			name = "[CP] Check Pods Manifest.lock";
			outputFileListPaths = (
			);
			outputPaths = (
				"$(DERIVED_FILE_DIR)/Pods-JoinUs-checkManifestLockResult.txt",
			);
			runOnlyForDeploymentPostprocessing = 0;
			shellPath = /bin/sh;
			shellScript = "diff \"${PODS_PODFILE_DIR_PATH}/Podfile.lock\" \"${PODS_ROOT}/Manifest.lock\" > /dev/null\nif [ $? != 0 ] ; then\n    # print error to STDERR\n    echo \"error: The sandbox is not in sync with the Podfile.lock. Run 'pod install' or update your CocoaPods installation.\" >&2\n    exit 1\nfi\n# This output is used by Xcode 'outputs' to avoid re-running this script phase.\necho \"SUCCESS\" > \"${SCRIPT_OUTPUT_FILE_0}\"\n";
			showEnvVarsInLog = 0;
		};
		92EFE248C5FC7CDE3B9C676A /* [CP] Embed Pods Frameworks */ = {
			isa = PBXShellScriptBuildPhase;
			buildActionMask = 2147483647;
			files = (
			);
			inputFileListPaths = (
				"${PODS_ROOT}/Target Support Files/Pods-JoinUs/Pods-JoinUs-frameworks-${CONFIGURATION}-input-files.xcfilelist",
			);
			name = "[CP] Embed Pods Frameworks";
			outputFileListPaths = (
				"${PODS_ROOT}/Target Support Files/Pods-JoinUs/Pods-JoinUs-frameworks-${CONFIGURATION}-output-files.xcfilelist",
			);
			runOnlyForDeploymentPostprocessing = 0;
			shellPath = /bin/sh;
			shellScript = "\"${PODS_ROOT}/Target Support Files/Pods-JoinUs/Pods-JoinUs-frameworks.sh\"\n";
			showEnvVarsInLog = 0;
		};
/* End PBXShellScriptBuildPhase section */

/* Begin PBXSourcesBuildPhase section */
		564EC1F82709D63800DCA9E6 /* Sources */ = {
			isa = PBXSourcesBuildPhase;
			buildActionMask = 2147483647;
			files = (
				562A9BE427D62F570064B991 /* PlayerImageCell.swift in Sources */,
				564EC2042709D63800DCA9E6 /* HomeViewController.swift in Sources */,
				564345482731301F00E7994B /* LeagueScheduleTableViewCellModel.swift in Sources */,
				56630872276F0DD7006A1DD4 /* Coordinator.swift in Sources */,
				5602F05A270D2DE00096B048 /* Team.swift in Sources */,
				56C2CEB4271D63DF005691C6 /* ScheduleTableViewCell.swift in Sources */,
				56DD9A5B27CDDDBB0044538E /* CustomActivityIndicatorView.swift in Sources */,
				5646AC282750D47D009F295A /* NewsTableViewModel.swift in Sources */,
				56555F6E273670AA00A8A53D /* Observable.swift in Sources */,
				56256B3C2795A68F00C17466 /* NoTodayScheduleTableViewCell.swift in Sources */,
				56B1A720274F1F7D00C91BB8 /* Standings.swift in Sources */,
				5642CD092755EC250017F78B /* SeasonSectionViewController.swift in Sources */,
				56DE7C752734BAEA0093C9AE /* League.swift in Sources */,
				56418AA0273CF0A5005BEF2E /* LeagueScheduleTableViewSectionType.swift in Sources */,
				56E26B8C27193CA7007C9EE0 /* StandingsViewController.swift in Sources */,
				564EC2002709D63800DCA9E6 /* AppDelegate.swift in Sources */,
				562DB968271E93DF00EC6ABE /* HomeTableViewSectionHeader.swift in Sources */,
				561EDFB02723FE3F00D31E7F /* NetworkError.swift in Sources */,
				56E9F0BE27394B3E00E7A901 /* MatchStatusType.swift in Sources */,
				5642CD0B275624160017F78B /* Season.swift in Sources */,
				5642CD0F275625C40017F78B /* SeasonSelectionTableViewCell.swift in Sources */,
				56C7854F277048E300940A2D /* Player.swift in Sources */,
				56098295275EF2EB0029D64C /* NewsDetailViewController.swift in Sources */,
				56AC6676274E1BD900CC2BF1 /* CrawlManager.swift in Sources */,
				56E26B8927193C92007C9EE0 /* ScheduleViewController.swift in Sources */,
				5622EF8F27412CD1001E1C35 /* Month.swift in Sources */,
				56DE7C722734BADC0093C9AE /* Winner.swift in Sources */,
				566FAC4D27D8695300DD1CBC /* SelectionSeasonDelegate.swift in Sources */,
				565BC1892766D7D5000C4A33 /* PlayerDetailViewController.swift in Sources */,
				56B1A722274F409C00C91BB8 /* StandingsVIewModel.swift in Sources */,
				564B3D962750D0DE00A62E4C /* News.swift in Sources */,
				56AABF6227BBDD3200E4BE41 /* SchedulePageCollectionViewCell.swift in Sources */,
				56DE7C782734BAF60093C9AE /* Opponents.swift in Sources */,
				56DE7C6F2734BAC60093C9AE /* Game.swift in Sources */,
				566A49AD27CB8855009CCD12 /* CustomTabBarDelegate.swift in Sources */,
				564C0A6927D4985B00C67D47 /* SendPlayerDetailVCDelegate.swift in Sources */,
				564EC2022709D63800DCA9E6 /* SceneDelegate.swift in Sources */,
				5622EF9127412D60001E1C35 /* MonthCollectionViewModel.swift in Sources */,
				56DE7C90273545310093C9AE /* Storage.swift in Sources */,
				56256B3A2795038B00C17466 /* RequestLeagueType.swift in Sources */,
				564C0A6B27D498AA00C67D47 /* PresentPlayerDetailVCDelegate.swift in Sources */,
				56BFFC1527210025007A1826 /* TeamPlayerCollectionViewCell.swift in Sources */,
				56DE7C832734BE110093C9AE /* DateFotmat.swift in Sources */,
				5693ED7327D7862200F88881 /* PlayerFrontDataCell.swift in Sources */,
				561019C427570A5C001F2C55 /* RequestSeason.swift in Sources */,
				56B1A724274F421E00C91BB8 /* StandingsTableViewCell.swift in Sources */,
				569A834D27CF2D9F00BDE354 /* RefreshTableViewDelegate.swift in Sources */,
				56492ACC276870A30094D41E /* PlayerDetailCategoryType.swift in Sources */,
				56E8E63227322F15003A0EDA /* ReceivedScheduleModel.swift in Sources */,
				564B3D942750770300A62E4C /* StandingsType.swift in Sources */,
				56FC0C7C270CAB1800E1FE3B /* TeamBarCollectionViewCell.swift in Sources */,
				5602F05D270D2E0E0096B048 /* TeamTabbarViewModel.swift in Sources */,
				56C71EE5273AB41E0017EE77 /* NetworkManager.swift in Sources */,
				56BFFC112720FDE1007A1826 /* TeamPlayerPagerView.swift in Sources */,
				56789D4527170186001B4784 /* TabBarController.swift in Sources */,
				56492AC8276857A80094D41E /* PlayerDetailCell.swift in Sources */,
				565CA24427229FC500669E8F /* LeagueScheduleTableViewModel.swift in Sources */,
				560E526027AF93F5009CBA3F /* DailyScheduleTitle.swift in Sources */,
				56DE7C97273572B80093C9AE /* LeagueScheduleTableViewCell.swift in Sources */,
				5605BB902715351700A9811A /* TeamPlayerPageCollectionViewModel.swift in Sources */,
				561019C727571960001F2C55 /* Strings.swift in Sources */,
				566A49AA27CB000B009CCD12 /* CustomTeamBar.swift in Sources */,
				5642CD0D275624760017F78B /* SeasonCollectionViewModel.swift in Sources */,
				56E26B8F27193CB8007C9EE0 /* NewsViewController.swift in Sources */,
				56DE7C882734E68D0093C9AE /* DateFormatter.swift in Sources */,
				5605BB952715636500A9811A /* TeamType.swift in Sources */,
				5646AC2A2750D4BD009F295A /* NewsTableViewCell.swift in Sources */,
				5605BB9927157FBF00A9811A /* PlayerCollectionViewCell.swift in Sources */,
				564FCB0E27BA9211008B329D /* CustomMonthBar.swift in Sources */,
				56E9F0C22739600500E7A901 /* LeagueScheduleTableViewSectionHeader.swift in Sources */,
				564FCB1027BA9D20008B329D /* NoMonthScheduleCollectionViewCell.swift in Sources */,
				56DE7C7B2734BAFD0093C9AE /* Opponent.swift in Sources */,
				5677F5A6273A018900BACF0B /* HomeTableViewSectionType.swift in Sources */,
				5622EF9327412E40001E1C35 /* MonthCollectionViewCell.swift in Sources */,
				564B3D9227506C3000A62E4C /* CategoryTableViewCell.swift in Sources */,
			);
			runOnlyForDeploymentPostprocessing = 0;
		};
/* End PBXSourcesBuildPhase section */

/* Begin PBXVariantGroup section */
		564EC20A2709D63900DCA9E6 /* LaunchScreen.storyboard */ = {
			isa = PBXVariantGroup;
			children = (
				564EC20B2709D63900DCA9E6 /* Base */,
			);
			name = LaunchScreen.storyboard;
			sourceTree = "<group>";
		};
/* End PBXVariantGroup section */

/* Begin XCBuildConfiguration section */
		564EC20E2709D63900DCA9E6 /* Debug */ = {
			isa = XCBuildConfiguration;
			buildSettings = {
				ALWAYS_SEARCH_USER_PATHS = NO;
				CLANG_ANALYZER_NONNULL = YES;
				CLANG_ANALYZER_NUMBER_OBJECT_CONVERSION = YES_AGGRESSIVE;
				CLANG_CXX_LANGUAGE_STANDARD = "gnu++14";
				CLANG_CXX_LIBRARY = "libc++";
				CLANG_ENABLE_MODULES = YES;
				CLANG_ENABLE_OBJC_ARC = YES;
				CLANG_ENABLE_OBJC_WEAK = YES;
				CLANG_WARN_BLOCK_CAPTURE_AUTORELEASING = YES;
				CLANG_WARN_BOOL_CONVERSION = YES;
				CLANG_WARN_COMMA = YES;
				CLANG_WARN_CONSTANT_CONVERSION = YES;
				CLANG_WARN_DEPRECATED_OBJC_IMPLEMENTATIONS = YES;
				CLANG_WARN_DIRECT_OBJC_ISA_USAGE = YES_ERROR;
				CLANG_WARN_DOCUMENTATION_COMMENTS = YES;
				CLANG_WARN_EMPTY_BODY = YES;
				CLANG_WARN_ENUM_CONVERSION = YES;
				CLANG_WARN_INFINITE_RECURSION = YES;
				CLANG_WARN_INT_CONVERSION = YES;
				CLANG_WARN_NON_LITERAL_NULL_CONVERSION = YES;
				CLANG_WARN_OBJC_IMPLICIT_RETAIN_SELF = YES;
				CLANG_WARN_OBJC_LITERAL_CONVERSION = YES;
				CLANG_WARN_OBJC_ROOT_CLASS = YES_ERROR;
				CLANG_WARN_QUOTED_INCLUDE_IN_FRAMEWORK_HEADER = YES;
				CLANG_WARN_RANGE_LOOP_ANALYSIS = YES;
				CLANG_WARN_STRICT_PROTOTYPES = YES;
				CLANG_WARN_SUSPICIOUS_MOVE = YES;
				CLANG_WARN_UNGUARDED_AVAILABILITY = YES_AGGRESSIVE;
				CLANG_WARN_UNREACHABLE_CODE = YES;
				CLANG_WARN__DUPLICATE_METHOD_MATCH = YES;
				COPY_PHASE_STRIP = NO;
				DEBUG_INFORMATION_FORMAT = dwarf;
				ENABLE_STRICT_OBJC_MSGSEND = YES;
				ENABLE_TESTABILITY = YES;
				GCC_C_LANGUAGE_STANDARD = gnu11;
				GCC_DYNAMIC_NO_PIC = NO;
				GCC_NO_COMMON_BLOCKS = YES;
				GCC_OPTIMIZATION_LEVEL = 0;
				GCC_PREPROCESSOR_DEFINITIONS = (
					"DEBUG=1",
					"$(inherited)",
				);
				GCC_WARN_64_TO_32_BIT_CONVERSION = YES;
				GCC_WARN_ABOUT_RETURN_TYPE = YES_ERROR;
				GCC_WARN_UNDECLARED_SELECTOR = YES;
				GCC_WARN_UNINITIALIZED_AUTOS = YES_AGGRESSIVE;
				GCC_WARN_UNUSED_FUNCTION = YES;
				GCC_WARN_UNUSED_VARIABLE = YES;
				IPHONEOS_DEPLOYMENT_TARGET = 14.3;
				MTL_ENABLE_DEBUG_INFO = INCLUDE_SOURCE;
				MTL_FAST_MATH = YES;
				ONLY_ACTIVE_ARCH = YES;
				SDKROOT = iphoneos;
				SWIFT_ACTIVE_COMPILATION_CONDITIONS = DEBUG;
				SWIFT_OPTIMIZATION_LEVEL = "-Onone";
			};
			name = Debug;
		};
		564EC20F2709D63900DCA9E6 /* Release */ = {
			isa = XCBuildConfiguration;
			buildSettings = {
				ALWAYS_SEARCH_USER_PATHS = NO;
				CLANG_ANALYZER_NONNULL = YES;
				CLANG_ANALYZER_NUMBER_OBJECT_CONVERSION = YES_AGGRESSIVE;
				CLANG_CXX_LANGUAGE_STANDARD = "gnu++14";
				CLANG_CXX_LIBRARY = "libc++";
				CLANG_ENABLE_MODULES = YES;
				CLANG_ENABLE_OBJC_ARC = YES;
				CLANG_ENABLE_OBJC_WEAK = YES;
				CLANG_WARN_BLOCK_CAPTURE_AUTORELEASING = YES;
				CLANG_WARN_BOOL_CONVERSION = YES;
				CLANG_WARN_COMMA = YES;
				CLANG_WARN_CONSTANT_CONVERSION = YES;
				CLANG_WARN_DEPRECATED_OBJC_IMPLEMENTATIONS = YES;
				CLANG_WARN_DIRECT_OBJC_ISA_USAGE = YES_ERROR;
				CLANG_WARN_DOCUMENTATION_COMMENTS = YES;
				CLANG_WARN_EMPTY_BODY = YES;
				CLANG_WARN_ENUM_CONVERSION = YES;
				CLANG_WARN_INFINITE_RECURSION = YES;
				CLANG_WARN_INT_CONVERSION = YES;
				CLANG_WARN_NON_LITERAL_NULL_CONVERSION = YES;
				CLANG_WARN_OBJC_IMPLICIT_RETAIN_SELF = YES;
				CLANG_WARN_OBJC_LITERAL_CONVERSION = YES;
				CLANG_WARN_OBJC_ROOT_CLASS = YES_ERROR;
				CLANG_WARN_QUOTED_INCLUDE_IN_FRAMEWORK_HEADER = YES;
				CLANG_WARN_RANGE_LOOP_ANALYSIS = YES;
				CLANG_WARN_STRICT_PROTOTYPES = YES;
				CLANG_WARN_SUSPICIOUS_MOVE = YES;
				CLANG_WARN_UNGUARDED_AVAILABILITY = YES_AGGRESSIVE;
				CLANG_WARN_UNREACHABLE_CODE = YES;
				CLANG_WARN__DUPLICATE_METHOD_MATCH = YES;
				COPY_PHASE_STRIP = NO;
				DEBUG_INFORMATION_FORMAT = "dwarf-with-dsym";
				ENABLE_NS_ASSERTIONS = NO;
				ENABLE_STRICT_OBJC_MSGSEND = YES;
				GCC_C_LANGUAGE_STANDARD = gnu11;
				GCC_NO_COMMON_BLOCKS = YES;
				GCC_WARN_64_TO_32_BIT_CONVERSION = YES;
				GCC_WARN_ABOUT_RETURN_TYPE = YES_ERROR;
				GCC_WARN_UNDECLARED_SELECTOR = YES;
				GCC_WARN_UNINITIALIZED_AUTOS = YES_AGGRESSIVE;
				GCC_WARN_UNUSED_FUNCTION = YES;
				GCC_WARN_UNUSED_VARIABLE = YES;
				IPHONEOS_DEPLOYMENT_TARGET = 14.3;
				MTL_ENABLE_DEBUG_INFO = NO;
				MTL_FAST_MATH = YES;
				SDKROOT = iphoneos;
				SWIFT_COMPILATION_MODE = wholemodule;
				SWIFT_OPTIMIZATION_LEVEL = "-O";
				VALIDATE_PRODUCT = YES;
			};
			name = Release;
		};
		564EC2112709D63900DCA9E6 /* Debug */ = {
			isa = XCBuildConfiguration;
			baseConfigurationReference = 5F6CC99A0F5B2A97AA8FEBE4 /* Pods-JoinUs.debug.xcconfig */;
			buildSettings = {
				ASSETCATALOG_COMPILER_APPICON_NAME = AppIcon;
				ASSETCATALOG_COMPILER_GLOBAL_ACCENT_COLOR_NAME = AccentColor;
				CODE_SIGN_IDENTITY = "Apple Development";
				CODE_SIGN_STYLE = Automatic;
				DEVELOPMENT_TEAM = 3KZP62644C;
				INFOPLIST_FILE = JoinUs/SupportingFile/Info.plist;
				LD_RUNPATH_SEARCH_PATHS = (
					"$(inherited)",
					"@executable_path/Frameworks",
				);
				PRODUCT_BUNDLE_IDENTIFIER = seungmin.JoinUs;
				PRODUCT_NAME = "$(TARGET_NAME)";
				PROVISIONING_PROFILE_SPECIFIER = "";
				SWIFT_VERSION = 5.0;
				TARGETED_DEVICE_FAMILY = "1,2";
			};
			name = Debug;
		};
		564EC2122709D63900DCA9E6 /* Release */ = {
			isa = XCBuildConfiguration;
			baseConfigurationReference = DE2EFA195FAFF65F561DAB3D /* Pods-JoinUs.release.xcconfig */;
			buildSettings = {
				ASSETCATALOG_COMPILER_APPICON_NAME = AppIcon;
				ASSETCATALOG_COMPILER_GLOBAL_ACCENT_COLOR_NAME = AccentColor;
				CODE_SIGN_IDENTITY = "Apple Development";
				CODE_SIGN_STYLE = Automatic;
				DEVELOPMENT_TEAM = 3KZP62644C;
				INFOPLIST_FILE = JoinUs/SupportingFile/Info.plist;
				LD_RUNPATH_SEARCH_PATHS = (
					"$(inherited)",
					"@executable_path/Frameworks",
				);
				PRODUCT_BUNDLE_IDENTIFIER = seungmin.JoinUs;
				PRODUCT_NAME = "$(TARGET_NAME)";
				PROVISIONING_PROFILE_SPECIFIER = "";
				SWIFT_VERSION = 5.0;
				TARGETED_DEVICE_FAMILY = "1,2";
			};
			name = Release;
		};
/* End XCBuildConfiguration section */

/* Begin XCConfigurationList section */
		564EC1F72709D63800DCA9E6 /* Build configuration list for PBXProject "JoinUs" */ = {
			isa = XCConfigurationList;
			buildConfigurations = (
				564EC20E2709D63900DCA9E6 /* Debug */,
				564EC20F2709D63900DCA9E6 /* Release */,
			);
			defaultConfigurationIsVisible = 0;
			defaultConfigurationName = Release;
		};
		564EC2102709D63900DCA9E6 /* Build configuration list for PBXNativeTarget "JoinUs" */ = {
			isa = XCConfigurationList;
			buildConfigurations = (
				564EC2112709D63900DCA9E6 /* Debug */,
				564EC2122709D63900DCA9E6 /* Release */,
			);
			defaultConfigurationIsVisible = 0;
			defaultConfigurationName = Release;
		};
/* End XCConfigurationList section */
	};
	rootObject = 564EC1F42709D63800DCA9E6 /* Project object */;
}
