// !$*UTF8*$!
{
	archiveVersion = 1;
	classes = {
	};
	objectVersion = 50;
	objects = {

/* Begin PBXBuildFile section */
		28639D38A772F5671094A996 /* libPods-JoinUs.a in Frameworks */ = {isa = PBXBuildFile; fileRef = 8F85D3B5AEC3F930AA268AC6 /* libPods-JoinUs.a */; };
		5602F05A270D2DE00096B048 /* TeamModel.swift in Sources */ = {isa = PBXBuildFile; fileRef = 5602F059270D2DE00096B048 /* TeamModel.swift */; };
		5602F05D270D2E0E0096B048 /* TeamTabbarViewModel.swift in Sources */ = {isa = PBXBuildFile; fileRef = 5602F05C270D2E0E0096B048 /* TeamTabbarViewModel.swift */; };
		5605BB442715348F00A9811A /* Blank.jpg in Resources */ = {isa = PBXBuildFile; fileRef = 5605BB092715348F00A9811A /* Blank.jpg */; };
		5605BB452715348F00A9811A /* Doran.jpg in Resources */ = {isa = PBXBuildFile; fileRef = 5605BB0A2715348F00A9811A /* Doran.jpg */; };
		5605BB462715348F00A9811A /* 5kid.jpg in Resources */ = {isa = PBXBuildFile; fileRef = 5605BB0B2715348F00A9811A /* 5kid.jpg */; };
		5605BB472715348F00A9811A /* Dove.jpg in Resources */ = {isa = PBXBuildFile; fileRef = 5605BB0C2715348F00A9811A /* Dove.jpg */; };
		5605BB482715348F00A9811A /* Zzus.jpg in Resources */ = {isa = PBXBuildFile; fileRef = 5605BB0D2715348F00A9811A /* Zzus.jpg */; };
		5605BB492715348F00A9811A /* Fly.jpg in Resources */ = {isa = PBXBuildFile; fileRef = 5605BB0F2715348F00A9811A /* Fly.jpg */; };
		5605BB4A2715348F00A9811A /* Leo.jpg in Resources */ = {isa = PBXBuildFile; fileRef = 5605BB102715348F00A9811A /* Leo.jpg */; };
		5605BB4B2715348F00A9811A /* Lehends.jpg in Resources */ = {isa = PBXBuildFile; fileRef = 5605BB112715348F00A9811A /* Lehends.jpg */; };
		5605BB4C2715348F00A9811A /* Dread.jpg in Resources */ = {isa = PBXBuildFile; fileRef = 5605BB122715348F00A9811A /* Dread.jpg */; };
		5605BB4D2715348F00A9811A /* Kiin.jpg in Resources */ = {isa = PBXBuildFile; fileRef = 5605BB132715348F00A9811A /* Kiin.jpg */; };
		5605BB4E2715348F00A9811A /* Jett.jpg in Resources */ = {isa = PBXBuildFile; fileRef = 5605BB152715348F00A9811A /* Jett.jpg */; };
		5605BB4F2715348F00A9811A /* Jun.jpg in Resources */ = {isa = PBXBuildFile; fileRef = 5605BB162715348F00A9811A /* Jun.jpg */; };
		5605BB502715348F00A9811A /* Taeyoon.jpg in Resources */ = {isa = PBXBuildFile; fileRef = 5605BB172715348F00A9811A /* Taeyoon.jpg */; };
		5605BB512715348F00A9811A /* Pyosik.jpg in Resources */ = {isa = PBXBuildFile; fileRef = 5605BB182715348F00A9811A /* Pyosik.jpg */; };
		5605BB522715348F00A9811A /* Kingen.jpg in Resources */ = {isa = PBXBuildFile; fileRef = 5605BB192715348F00A9811A /* Kingen.jpg */; };
		5605BB532715348F00A9811A /* Gumayusi.jpg in Resources */ = {isa = PBXBuildFile; fileRef = 5605BB1B2715348F00A9811A /* Gumayusi.jpg */; };
		5605BB542715348F00A9811A /* Faker.jpg in Resources */ = {isa = PBXBuildFile; fileRef = 5605BB1C2715348F00A9811A /* Faker.jpg */; };
		5605BB552715348F00A9811A /* Oner.jpg in Resources */ = {isa = PBXBuildFile; fileRef = 5605BB1D2715348F00A9811A /* Oner.jpg */; };
		5605BB562715348F00A9811A /* Canna.jpg in Resources */ = {isa = PBXBuildFile; fileRef = 5605BB1E2715348F00A9811A /* Canna.jpg */; };
		5605BB572715348F00A9811A /* Keria.jpg in Resources */ = {isa = PBXBuildFile; fileRef = 5605BB1F2715348F00A9811A /* Keria.jpg */; };
		5605BB582715348F00A9811A /* Effort.jpg in Resources */ = {isa = PBXBuildFile; fileRef = 5605BB212715348F00A9811A /* Effort.jpg */; };
		5605BB592715348F00A9811A /* Summit.jpg in Resources */ = {isa = PBXBuildFile; fileRef = 5605BB222715348F00A9811A /* Summit.jpg */; };
		5605BB5A2715348F00A9811A /* Prince.jpg in Resources */ = {isa = PBXBuildFile; fileRef = 5605BB232715348F00A9811A /* Prince.jpg */; };
		5605BB5B2715348F00A9811A /* FATE.jpg in Resources */ = {isa = PBXBuildFile; fileRef = 5605BB242715348F00A9811A /* FATE.jpg */; };
		5605BB5C2715348F00A9811A /* Croco.jpg in Resources */ = {isa = PBXBuildFile; fileRef = 5605BB252715348F00A9811A /* Croco.jpg */; };
		5605BB5D2715348F00A9811A /* Ruler.jpg in Resources */ = {isa = PBXBuildFile; fileRef = 5605BB272715348F00A9811A /* Ruler.jpg */; };
		5605BB5E2715348F00A9811A /* Bdd.jpg in Resources */ = {isa = PBXBuildFile; fileRef = 5605BB282715348F00A9811A /* Bdd.jpg */; };
		5605BB5F2715348F00A9811A /* Life.jpg in Resources */ = {isa = PBXBuildFile; fileRef = 5605BB292715348F00A9811A /* Life.jpg */; };
		5605BB602715348F00A9811A /* Clid.jpg in Resources */ = {isa = PBXBuildFile; fileRef = 5605BB2A2715348F00A9811A /* Clid.jpg */; };
		5605BB612715348F00A9811A /* Rascal.jpg in Resources */ = {isa = PBXBuildFile; fileRef = 5605BB2B2715348F00A9811A /* Rascal.jpg */; };
		5605BB622715348F00A9811A /* ShowMaker.jpg in Resources */ = {isa = PBXBuildFile; fileRef = 5605BB2D2715348F00A9811A /* ShowMaker.jpg */; };
		5605BB632715348F00A9811A /* Canyon.jpg in Resources */ = {isa = PBXBuildFile; fileRef = 5605BB2E2715348F00A9811A /* Canyon.jpg */; };
		5605BB642715348F00A9811A /* Khan.jpg in Resources */ = {isa = PBXBuildFile; fileRef = 5605BB2F2715348F00A9811A /* Khan.jpg */; };
		5605BB652715348F00A9811A /* Ghost.jpg in Resources */ = {isa = PBXBuildFile; fileRef = 5605BB302715348F00A9811A /* Ghost.jpg */; };
		5605BB662715348F00A9811A /* BeryL.jpg in Resources */ = {isa = PBXBuildFile; fileRef = 5605BB312715348F00A9811A /* BeryL.jpg */; };
		5605BB672715348F00A9811A /* Rich.jpg in Resources */ = {isa = PBXBuildFile; fileRef = 5605BB332715348F00A9811A /* Rich.jpg */; };
		5605BB682715348F00A9811A /* Gori.jpg in Resources */ = {isa = PBXBuildFile; fileRef = 5605BB342715348F00A9811A /* Gori.jpg */; };
		5605BB692715348F00A9811A /* Peanut.jpg in Resources */ = {isa = PBXBuildFile; fileRef = 5605BB352715348F00A9811A /* Peanut.jpg */; };
		5605BB6A2715348F00A9811A /* Kellin.jpg in Resources */ = {isa = PBXBuildFile; fileRef = 5605BB362715348F00A9811A /* Kellin.jpg */; };
		5605BB6B2715348F00A9811A /* deokdam.jpg in Resources */ = {isa = PBXBuildFile; fileRef = 5605BB372715348F00A9811A /* deokdam.jpg */; };
		5605BB6C2715348F00A9811A /* Lava.jpg in Resources */ = {isa = PBXBuildFile; fileRef = 5605BB392715348F00A9811A /* Lava.jpg */; };
		5605BB6D2715348F00A9811A /* UmTi.jpg in Resources */ = {isa = PBXBuildFile; fileRef = 5605BB3A2715348F00A9811A /* UmTi.jpg */; };
		5605BB6E2715348F00A9811A /* Hoya.jpg in Resources */ = {isa = PBXBuildFile; fileRef = 5605BB3B2715348F00A9811A /* Hoya.jpg */; };
		5605BB6F2715348F00A9811A /* Hena.jpg in Resources */ = {isa = PBXBuildFile; fileRef = 5605BB3C2715348F00A9811A /* Hena.jpg */; };
		5605BB702715348F00A9811A /* Delight.jpg in Resources */ = {isa = PBXBuildFile; fileRef = 5605BB3D2715348F00A9811A /* Delight.jpg */; };
		5605BB712715348F00A9811A /* Willer.jpg in Resources */ = {isa = PBXBuildFile; fileRef = 5605BB3F2715348F00A9811A /* Willer.jpg */; };
		5605BB722715348F00A9811A /* Vsta.jpg in Resources */ = {isa = PBXBuildFile; fileRef = 5605BB402715348F00A9811A /* Vsta.jpg */; };
		5605BB732715348F00A9811A /* Morgan.jpg in Resources */ = {isa = PBXBuildFile; fileRef = 5605BB412715348F00A9811A /* Morgan.jpg */; };
		5605BB742715348F00A9811A /* Deft.jpg in Resources */ = {isa = PBXBuildFile; fileRef = 5605BB422715348F00A9811A /* Deft.jpg */; };
		5605BB752715348F00A9811A /* Chovy.jpg in Resources */ = {isa = PBXBuildFile; fileRef = 5605BB432715348F00A9811A /* Chovy.jpg */; };
		5605BB812715349900A9811A /* 7.jpg in Resources */ = {isa = PBXBuildFile; fileRef = 5605BB772715349900A9811A /* 7.jpg */; };
		5605BB822715349900A9811A /* 1.jpg in Resources */ = {isa = PBXBuildFile; fileRef = 5605BB782715349900A9811A /* 1.jpg */; };
		5605BB832715349900A9811A /* 3.jpg in Resources */ = {isa = PBXBuildFile; fileRef = 5605BB792715349900A9811A /* 3.jpg */; };
		5605BB842715349900A9811A /* 6.jpg in Resources */ = {isa = PBXBuildFile; fileRef = 5605BB7A2715349900A9811A /* 6.jpg */; };
		5605BB852715349900A9811A /* 8.jpg in Resources */ = {isa = PBXBuildFile; fileRef = 5605BB7B2715349900A9811A /* 8.jpg */; };
		5605BB862715349900A9811A /* 2.jpg in Resources */ = {isa = PBXBuildFile; fileRef = 5605BB7C2715349900A9811A /* 2.jpg */; };
		5605BB872715349900A9811A /* 9.jpg in Resources */ = {isa = PBXBuildFile; fileRef = 5605BB7D2715349900A9811A /* 9.jpg */; };
		5605BB882715349900A9811A /* 4.jpg in Resources */ = {isa = PBXBuildFile; fileRef = 5605BB7E2715349900A9811A /* 4.jpg */; };
		5605BB892715349900A9811A /* 10.jpg in Resources */ = {isa = PBXBuildFile; fileRef = 5605BB7F2715349900A9811A /* 10.jpg */; };
		5605BB8A2715349900A9811A /* 5.jpg in Resources */ = {isa = PBXBuildFile; fileRef = 5605BB802715349900A9811A /* 5.jpg */; };
		5605BB8D271534DE00A9811A /* PlayerModel.swift in Sources */ = {isa = PBXBuildFile; fileRef = 5605BB8C271534DE00A9811A /* PlayerModel.swift */; };
		5605BB902715351700A9811A /* PlayerCollectionViewModel.swift in Sources */ = {isa = PBXBuildFile; fileRef = 5605BB8F2715351700A9811A /* PlayerCollectionViewModel.swift */; };
		5605BB952715636500A9811A /* TeamType.swift in Sources */ = {isa = PBXBuildFile; fileRef = 5605BB942715636500A9811A /* TeamType.swift */; };
		5605BB9927157FBF00A9811A /* PlayerCollectionViewCell.swift in Sources */ = {isa = PBXBuildFile; fileRef = 5605BB9827157FBF00A9811A /* PlayerCollectionViewCell.swift */; };
		561EDFB02723FE3F00D31E7F /* NetworkError.swift in Sources */ = {isa = PBXBuildFile; fileRef = 561EDFAF2723FE3F00D31E7F /* NetworkError.swift */; };
		562DB968271E93DF00EC6ABE /* ScheduleSectionHeader.swift in Sources */ = {isa = PBXBuildFile; fileRef = 562DB967271E93DF00EC6ABE /* ScheduleSectionHeader.swift */; };
		564345422730FDAC00E7994B /* RequestScheduleType.swift in Sources */ = {isa = PBXBuildFile; fileRef = 564345412730FDAC00E7994B /* RequestScheduleType.swift */; };
		564345482731301F00E7994B /* ScheduleTableViewCellModel.swift in Sources */ = {isa = PBXBuildFile; fileRef = 564345472731301F00E7994B /* ScheduleTableViewCellModel.swift */; };
		564C518227142921001419BE /* Main.storyboard in Resources */ = {isa = PBXBuildFile; fileRef = 564C518127142921001419BE /* Main.storyboard */; };
		564EC2002709D63800DCA9E6 /* AppDelegate.swift in Sources */ = {isa = PBXBuildFile; fileRef = 564EC1FF2709D63800DCA9E6 /* AppDelegate.swift */; };
		564EC2022709D63800DCA9E6 /* SceneDelegate.swift in Sources */ = {isa = PBXBuildFile; fileRef = 564EC2012709D63800DCA9E6 /* SceneDelegate.swift */; };
		564EC2042709D63800DCA9E6 /* HomeViewController.swift in Sources */ = {isa = PBXBuildFile; fileRef = 564EC2032709D63800DCA9E6 /* HomeViewController.swift */; };
		564EC2092709D63900DCA9E6 /* Assets.xcassets in Resources */ = {isa = PBXBuildFile; fileRef = 564EC2082709D63900DCA9E6 /* Assets.xcassets */; };
		564EC20C2709D63900DCA9E6 /* LaunchScreen.storyboard in Resources */ = {isa = PBXBuildFile; fileRef = 564EC20A2709D63900DCA9E6 /* LaunchScreen.storyboard */; };
		56555F6E273670AA00A8A53D /* Observable.swift in Sources */ = {isa = PBXBuildFile; fileRef = 56555F6D273670AA00A8A53D /* Observable.swift */; };
		565CA24427229FC500669E8F /* ScheduleTableViewModel.swift in Sources */ = {isa = PBXBuildFile; fileRef = 565CA24327229FC500669E8F /* ScheduleTableViewModel.swift */; };
		5677F5A6273A018900BACF0B /* SectionHeaderType.swift in Sources */ = {isa = PBXBuildFile; fileRef = 5677F5A5273A018900BACF0B /* SectionHeaderType.swift */; };
		56789D4527170186001B4784 /* TabbarController.swift in Sources */ = {isa = PBXBuildFile; fileRef = 56789D4427170186001B4784 /* TabbarController.swift */; };
		56BFFC112720FDE1007A1826 /* TeamTabbarTableViewCell.swift in Sources */ = {isa = PBXBuildFile; fileRef = 56BFFC102720FDE1007A1826 /* TeamTabbarTableViewCell.swift */; };
		56BFFC1527210025007A1826 /* PlayerTableViewCell.swift in Sources */ = {isa = PBXBuildFile; fileRef = 56BFFC1427210025007A1826 /* PlayerTableViewCell.swift */; };
		56C2CEB4271D63DF005691C6 /* ScheduleTableViewCell.swift in Sources */ = {isa = PBXBuildFile; fileRef = 56C2CEB3271D63DF005691C6 /* ScheduleTableViewCell.swift */; };
		56C71EE5273AB41E0017EE77 /* NetworkManger.swift in Sources */ = {isa = PBXBuildFile; fileRef = 56C71EE4273AB41E0017EE77 /* NetworkManger.swift */; };
		56DE7C6F2734BAC60093C9AE /* Game.swift in Sources */ = {isa = PBXBuildFile; fileRef = 56DE7C6E2734BAC60093C9AE /* Game.swift */; };
		56DE7C722734BADC0093C9AE /* Winner.swift in Sources */ = {isa = PBXBuildFile; fileRef = 56DE7C712734BADC0093C9AE /* Winner.swift */; };
		56DE7C752734BAEA0093C9AE /* League.swift in Sources */ = {isa = PBXBuildFile; fileRef = 56DE7C742734BAEA0093C9AE /* League.swift */; };
		56DE7C782734BAF60093C9AE /* Opponents.swift in Sources */ = {isa = PBXBuildFile; fileRef = 56DE7C772734BAF60093C9AE /* Opponents.swift */; };
		56DE7C7B2734BAFD0093C9AE /* Opponent.swift in Sources */ = {isa = PBXBuildFile; fileRef = 56DE7C7A2734BAFD0093C9AE /* Opponent.swift */; };
		56DE7C832734BE110093C9AE /* DateFotmat.swift in Sources */ = {isa = PBXBuildFile; fileRef = 56DE7C822734BE110093C9AE /* DateFotmat.swift */; };
		56DE7C882734E68D0093C9AE /* DateFormatter.swift in Sources */ = {isa = PBXBuildFile; fileRef = 56DE7C872734E68D0093C9AE /* DateFormatter.swift */; };
		56DE7C90273545310093C9AE /* Storage.swift in Sources */ = {isa = PBXBuildFile; fileRef = 56DE7C8F273545310093C9AE /* Storage.swift */; };
		56DE7C97273572B80093C9AE /* LeagueScheduleTableViewCell.swift in Sources */ = {isa = PBXBuildFile; fileRef = 56DE7C96273572B80093C9AE /* LeagueScheduleTableViewCell.swift */; };
		56E26B8927193C92007C9EE0 /* ScheduleViewController.swift in Sources */ = {isa = PBXBuildFile; fileRef = 56E26B8827193C92007C9EE0 /* ScheduleViewController.swift */; };
		56E26B8C27193CA7007C9EE0 /* RankViewController.swift in Sources */ = {isa = PBXBuildFile; fileRef = 56E26B8B27193CA7007C9EE0 /* RankViewController.swift */; };
		56E26B8F27193CB8007C9EE0 /* NewsViewController.swift in Sources */ = {isa = PBXBuildFile; fileRef = 56E26B8E27193CB8007C9EE0 /* NewsViewController.swift */; };
		56E26B9227193CD5007C9EE0 /* PlayerViewController.swift in Sources */ = {isa = PBXBuildFile; fileRef = 56E26B9127193CD5007C9EE0 /* PlayerViewController.swift */; };
		56E8E63227322F15003A0EDA /* ReceivedScheduleModel.swift in Sources */ = {isa = PBXBuildFile; fileRef = 56E8E63127322F15003A0EDA /* ReceivedScheduleModel.swift */; };
		56E9F0BE27394B3E00E7A901 /* MatchStatusType.swift in Sources */ = {isa = PBXBuildFile; fileRef = 56E9F0BD27394B3E00E7A901 /* MatchStatusType.swift */; };
		56E9F0C22739600500E7A901 /* LeagueScheduleSectionHeader.swift in Sources */ = {isa = PBXBuildFile; fileRef = 56E9F0C12739600500E7A901 /* LeagueScheduleSectionHeader.swift */; };
		56FC0C7C270CAB1800E1FE3B /* TeamTabbarCollectionViewCell.swift in Sources */ = {isa = PBXBuildFile; fileRef = 56FC0C7B270CAB1800E1FE3B /* TeamTabbarCollectionViewCell.swift */; };
/* End PBXBuildFile section */

/* Begin PBXFileReference section */
		5602F059270D2DE00096B048 /* TeamModel.swift */ = {isa = PBXFileReference; lastKnownFileType = sourcecode.swift; path = TeamModel.swift; sourceTree = "<group>"; };
		5602F05C270D2E0E0096B048 /* TeamTabbarViewModel.swift */ = {isa = PBXFileReference; lastKnownFileType = sourcecode.swift; path = TeamTabbarViewModel.swift; sourceTree = "<group>"; };
		5605BB092715348F00A9811A /* Blank.jpg */ = {isa = PBXFileReference; lastKnownFileType = image.jpeg; path = Blank.jpg; sourceTree = "<group>"; };
		5605BB0A2715348F00A9811A /* Doran.jpg */ = {isa = PBXFileReference; lastKnownFileType = image.jpeg; path = Doran.jpg; sourceTree = "<group>"; };
		5605BB0B2715348F00A9811A /* 5kid.jpg */ = {isa = PBXFileReference; lastKnownFileType = image.jpeg; path = 5kid.jpg; sourceTree = "<group>"; };
		5605BB0C2715348F00A9811A /* Dove.jpg */ = {isa = PBXFileReference; lastKnownFileType = image.jpeg; path = Dove.jpg; sourceTree = "<group>"; };
		5605BB0D2715348F00A9811A /* Zzus.jpg */ = {isa = PBXFileReference; lastKnownFileType = image.jpeg; path = Zzus.jpg; sourceTree = "<group>"; };
		5605BB0F2715348F00A9811A /* Fly.jpg */ = {isa = PBXFileReference; lastKnownFileType = image.jpeg; path = Fly.jpg; sourceTree = "<group>"; };
		5605BB102715348F00A9811A /* Leo.jpg */ = {isa = PBXFileReference; lastKnownFileType = image.jpeg; path = Leo.jpg; sourceTree = "<group>"; };
		5605BB112715348F00A9811A /* Lehends.jpg */ = {isa = PBXFileReference; lastKnownFileType = image.jpeg; path = Lehends.jpg; sourceTree = "<group>"; };
		5605BB122715348F00A9811A /* Dread.jpg */ = {isa = PBXFileReference; lastKnownFileType = image.jpeg; path = Dread.jpg; sourceTree = "<group>"; };
		5605BB132715348F00A9811A /* Kiin.jpg */ = {isa = PBXFileReference; lastKnownFileType = image.jpeg; path = Kiin.jpg; sourceTree = "<group>"; };
		5605BB152715348F00A9811A /* Jett.jpg */ = {isa = PBXFileReference; lastKnownFileType = image.jpeg; path = Jett.jpg; sourceTree = "<group>"; };
		5605BB162715348F00A9811A /* Jun.jpg */ = {isa = PBXFileReference; lastKnownFileType = image.jpeg; path = Jun.jpg; sourceTree = "<group>"; };
		5605BB172715348F00A9811A /* Taeyoon.jpg */ = {isa = PBXFileReference; lastKnownFileType = image.jpeg; path = Taeyoon.jpg; sourceTree = "<group>"; };
		5605BB182715348F00A9811A /* Pyosik.jpg */ = {isa = PBXFileReference; lastKnownFileType = image.jpeg; path = Pyosik.jpg; sourceTree = "<group>"; };
		5605BB192715348F00A9811A /* Kingen.jpg */ = {isa = PBXFileReference; lastKnownFileType = image.jpeg; path = Kingen.jpg; sourceTree = "<group>"; };
		5605BB1B2715348F00A9811A /* Gumayusi.jpg */ = {isa = PBXFileReference; lastKnownFileType = image.jpeg; path = Gumayusi.jpg; sourceTree = "<group>"; };
		5605BB1C2715348F00A9811A /* Faker.jpg */ = {isa = PBXFileReference; lastKnownFileType = image.jpeg; path = Faker.jpg; sourceTree = "<group>"; };
		5605BB1D2715348F00A9811A /* Oner.jpg */ = {isa = PBXFileReference; lastKnownFileType = image.jpeg; path = Oner.jpg; sourceTree = "<group>"; };
		5605BB1E2715348F00A9811A /* Canna.jpg */ = {isa = PBXFileReference; lastKnownFileType = image.jpeg; path = Canna.jpg; sourceTree = "<group>"; };
		5605BB1F2715348F00A9811A /* Keria.jpg */ = {isa = PBXFileReference; lastKnownFileType = image.jpeg; path = Keria.jpg; sourceTree = "<group>"; };
		5605BB212715348F00A9811A /* Effort.jpg */ = {isa = PBXFileReference; lastKnownFileType = image.jpeg; path = Effort.jpg; sourceTree = "<group>"; };
		5605BB222715348F00A9811A /* Summit.jpg */ = {isa = PBXFileReference; lastKnownFileType = image.jpeg; path = Summit.jpg; sourceTree = "<group>"; };
		5605BB232715348F00A9811A /* Prince.jpg */ = {isa = PBXFileReference; lastKnownFileType = image.jpeg; path = Prince.jpg; sourceTree = "<group>"; };
		5605BB242715348F00A9811A /* FATE.jpg */ = {isa = PBXFileReference; lastKnownFileType = image.jpeg; path = FATE.jpg; sourceTree = "<group>"; };
		5605BB252715348F00A9811A /* Croco.jpg */ = {isa = PBXFileReference; lastKnownFileType = image.jpeg; path = Croco.jpg; sourceTree = "<group>"; };
		5605BB272715348F00A9811A /* Ruler.jpg */ = {isa = PBXFileReference; lastKnownFileType = image.jpeg; path = Ruler.jpg; sourceTree = "<group>"; };
		5605BB282715348F00A9811A /* Bdd.jpg */ = {isa = PBXFileReference; lastKnownFileType = image.jpeg; path = Bdd.jpg; sourceTree = "<group>"; };
		5605BB292715348F00A9811A /* Life.jpg */ = {isa = PBXFileReference; lastKnownFileType = image.jpeg; path = Life.jpg; sourceTree = "<group>"; };
		5605BB2A2715348F00A9811A /* Clid.jpg */ = {isa = PBXFileReference; lastKnownFileType = image.jpeg; path = Clid.jpg; sourceTree = "<group>"; };
		5605BB2B2715348F00A9811A /* Rascal.jpg */ = {isa = PBXFileReference; lastKnownFileType = image.jpeg; path = Rascal.jpg; sourceTree = "<group>"; };
		5605BB2D2715348F00A9811A /* ShowMaker.jpg */ = {isa = PBXFileReference; lastKnownFileType = image.jpeg; path = ShowMaker.jpg; sourceTree = "<group>"; };
		5605BB2E2715348F00A9811A /* Canyon.jpg */ = {isa = PBXFileReference; lastKnownFileType = image.jpeg; path = Canyon.jpg; sourceTree = "<group>"; };
		5605BB2F2715348F00A9811A /* Khan.jpg */ = {isa = PBXFileReference; lastKnownFileType = image.jpeg; path = Khan.jpg; sourceTree = "<group>"; };
		5605BB302715348F00A9811A /* Ghost.jpg */ = {isa = PBXFileReference; lastKnownFileType = image.jpeg; path = Ghost.jpg; sourceTree = "<group>"; };
		5605BB312715348F00A9811A /* BeryL.jpg */ = {isa = PBXFileReference; lastKnownFileType = image.jpeg; path = BeryL.jpg; sourceTree = "<group>"; };
		5605BB332715348F00A9811A /* Rich.jpg */ = {isa = PBXFileReference; lastKnownFileType = image.jpeg; path = Rich.jpg; sourceTree = "<group>"; };
		5605BB342715348F00A9811A /* Gori.jpg */ = {isa = PBXFileReference; lastKnownFileType = image.jpeg; path = Gori.jpg; sourceTree = "<group>"; };
		5605BB352715348F00A9811A /* Peanut.jpg */ = {isa = PBXFileReference; lastKnownFileType = image.jpeg; path = Peanut.jpg; sourceTree = "<group>"; };
		5605BB362715348F00A9811A /* Kellin.jpg */ = {isa = PBXFileReference; lastKnownFileType = image.jpeg; path = Kellin.jpg; sourceTree = "<group>"; };
		5605BB372715348F00A9811A /* deokdam.jpg */ = {isa = PBXFileReference; lastKnownFileType = image.jpeg; path = deokdam.jpg; sourceTree = "<group>"; };
		5605BB392715348F00A9811A /* Lava.jpg */ = {isa = PBXFileReference; lastKnownFileType = image.jpeg; path = Lava.jpg; sourceTree = "<group>"; };
		5605BB3A2715348F00A9811A /* UmTi.jpg */ = {isa = PBXFileReference; lastKnownFileType = image.jpeg; path = UmTi.jpg; sourceTree = "<group>"; };
		5605BB3B2715348F00A9811A /* Hoya.jpg */ = {isa = PBXFileReference; lastKnownFileType = image.jpeg; path = Hoya.jpg; sourceTree = "<group>"; };
		5605BB3C2715348F00A9811A /* Hena.jpg */ = {isa = PBXFileReference; lastKnownFileType = image.jpeg; path = Hena.jpg; sourceTree = "<group>"; };
		5605BB3D2715348F00A9811A /* Delight.jpg */ = {isa = PBXFileReference; lastKnownFileType = image.jpeg; path = Delight.jpg; sourceTree = "<group>"; };
		5605BB3F2715348F00A9811A /* Willer.jpg */ = {isa = PBXFileReference; lastKnownFileType = image.jpeg; path = Willer.jpg; sourceTree = "<group>"; };
		5605BB402715348F00A9811A /* Vsta.jpg */ = {isa = PBXFileReference; lastKnownFileType = image.jpeg; path = Vsta.jpg; sourceTree = "<group>"; };
		5605BB412715348F00A9811A /* Morgan.jpg */ = {isa = PBXFileReference; lastKnownFileType = image.jpeg; path = Morgan.jpg; sourceTree = "<group>"; };
		5605BB422715348F00A9811A /* Deft.jpg */ = {isa = PBXFileReference; lastKnownFileType = image.jpeg; path = Deft.jpg; sourceTree = "<group>"; };
		5605BB432715348F00A9811A /* Chovy.jpg */ = {isa = PBXFileReference; lastKnownFileType = image.jpeg; path = Chovy.jpg; sourceTree = "<group>"; };
		5605BB772715349900A9811A /* 7.jpg */ = {isa = PBXFileReference; lastKnownFileType = image.jpeg; path = 7.jpg; sourceTree = "<group>"; };
		5605BB782715349900A9811A /* 1.jpg */ = {isa = PBXFileReference; lastKnownFileType = image.jpeg; path = 1.jpg; sourceTree = "<group>"; };
		5605BB792715349900A9811A /* 3.jpg */ = {isa = PBXFileReference; lastKnownFileType = image.jpeg; path = 3.jpg; sourceTree = "<group>"; };
		5605BB7A2715349900A9811A /* 6.jpg */ = {isa = PBXFileReference; lastKnownFileType = image.jpeg; path = 6.jpg; sourceTree = "<group>"; };
		5605BB7B2715349900A9811A /* 8.jpg */ = {isa = PBXFileReference; lastKnownFileType = image.jpeg; path = 8.jpg; sourceTree = "<group>"; };
		5605BB7C2715349900A9811A /* 2.jpg */ = {isa = PBXFileReference; lastKnownFileType = image.jpeg; path = 2.jpg; sourceTree = "<group>"; };
		5605BB7D2715349900A9811A /* 9.jpg */ = {isa = PBXFileReference; lastKnownFileType = image.jpeg; path = 9.jpg; sourceTree = "<group>"; };
		5605BB7E2715349900A9811A /* 4.jpg */ = {isa = PBXFileReference; lastKnownFileType = image.jpeg; path = 4.jpg; sourceTree = "<group>"; };
		5605BB7F2715349900A9811A /* 10.jpg */ = {isa = PBXFileReference; lastKnownFileType = image.jpeg; path = 10.jpg; sourceTree = "<group>"; };
		5605BB802715349900A9811A /* 5.jpg */ = {isa = PBXFileReference; lastKnownFileType = image.jpeg; path = 5.jpg; sourceTree = "<group>"; };
		5605BB8C271534DE00A9811A /* PlayerModel.swift */ = {isa = PBXFileReference; fileEncoding = 4; lastKnownFileType = sourcecode.swift; name = PlayerModel.swift; path = JoinUs/Model/PlayerModel.swift; sourceTree = SOURCE_ROOT; };
		5605BB8F2715351700A9811A /* PlayerCollectionViewModel.swift */ = {isa = PBXFileReference; lastKnownFileType = sourcecode.swift; path = PlayerCollectionViewModel.swift; sourceTree = "<group>"; };
		5605BB942715636500A9811A /* TeamType.swift */ = {isa = PBXFileReference; lastKnownFileType = sourcecode.swift; path = TeamType.swift; sourceTree = "<group>"; };
		5605BB9827157FBF00A9811A /* PlayerCollectionViewCell.swift */ = {isa = PBXFileReference; lastKnownFileType = sourcecode.swift; path = PlayerCollectionViewCell.swift; sourceTree = "<group>"; };
		561EDFAF2723FE3F00D31E7F /* NetworkError.swift */ = {isa = PBXFileReference; lastKnownFileType = sourcecode.swift; path = NetworkError.swift; sourceTree = "<group>"; };
		562DB967271E93DF00EC6ABE /* ScheduleSectionHeader.swift */ = {isa = PBXFileReference; lastKnownFileType = sourcecode.swift; path = ScheduleSectionHeader.swift; sourceTree = "<group>"; };
		564345412730FDAC00E7994B /* RequestScheduleType.swift */ = {isa = PBXFileReference; lastKnownFileType = sourcecode.swift; path = RequestScheduleType.swift; sourceTree = "<group>"; };
		564345472731301F00E7994B /* ScheduleTableViewCellModel.swift */ = {isa = PBXFileReference; lastKnownFileType = sourcecode.swift; path = ScheduleTableViewCellModel.swift; sourceTree = "<group>"; };
		564C518127142921001419BE /* Main.storyboard */ = {isa = PBXFileReference; lastKnownFileType = file.storyboard; path = Main.storyboard; sourceTree = "<group>"; };
		564EC1FC2709D63800DCA9E6 /* JoinUs.app */ = {isa = PBXFileReference; explicitFileType = wrapper.application; includeInIndex = 0; path = JoinUs.app; sourceTree = BUILT_PRODUCTS_DIR; };
		564EC1FF2709D63800DCA9E6 /* AppDelegate.swift */ = {isa = PBXFileReference; lastKnownFileType = sourcecode.swift; path = AppDelegate.swift; sourceTree = "<group>"; };
		564EC2012709D63800DCA9E6 /* SceneDelegate.swift */ = {isa = PBXFileReference; lastKnownFileType = sourcecode.swift; path = SceneDelegate.swift; sourceTree = "<group>"; };
		564EC2032709D63800DCA9E6 /* HomeViewController.swift */ = {isa = PBXFileReference; lastKnownFileType = sourcecode.swift; path = HomeViewController.swift; sourceTree = "<group>"; };
		564EC2082709D63900DCA9E6 /* Assets.xcassets */ = {isa = PBXFileReference; lastKnownFileType = folder.assetcatalog; path = Assets.xcassets; sourceTree = "<group>"; };
		564EC20B2709D63900DCA9E6 /* Base */ = {isa = PBXFileReference; lastKnownFileType = file.storyboard; name = Base; path = Base.lproj/LaunchScreen.storyboard; sourceTree = "<group>"; };
		564EC20D2709D63900DCA9E6 /* Info.plist */ = {isa = PBXFileReference; lastKnownFileType = text.plist.xml; path = Info.plist; sourceTree = "<group>"; };
		56555F6D273670AA00A8A53D /* Observable.swift */ = {isa = PBXFileReference; lastKnownFileType = sourcecode.swift; path = Observable.swift; sourceTree = "<group>"; };
		565CA24327229FC500669E8F /* ScheduleTableViewModel.swift */ = {isa = PBXFileReference; lastKnownFileType = sourcecode.swift; path = ScheduleTableViewModel.swift; sourceTree = "<group>"; };
		5677F5A5273A018900BACF0B /* SectionHeaderType.swift */ = {isa = PBXFileReference; lastKnownFileType = sourcecode.swift; path = SectionHeaderType.swift; sourceTree = "<group>"; };
		56789D4427170186001B4784 /* TabbarController.swift */ = {isa = PBXFileReference; lastKnownFileType = sourcecode.swift; path = TabbarController.swift; sourceTree = "<group>"; };
		56BFFC102720FDE1007A1826 /* TeamTabbarTableViewCell.swift */ = {isa = PBXFileReference; lastKnownFileType = sourcecode.swift; path = TeamTabbarTableViewCell.swift; sourceTree = "<group>"; };
		56BFFC1427210025007A1826 /* PlayerTableViewCell.swift */ = {isa = PBXFileReference; lastKnownFileType = sourcecode.swift; path = PlayerTableViewCell.swift; sourceTree = "<group>"; };
		56C2CEB3271D63DF005691C6 /* ScheduleTableViewCell.swift */ = {isa = PBXFileReference; lastKnownFileType = sourcecode.swift; path = ScheduleTableViewCell.swift; sourceTree = "<group>"; };
		56C71EE4273AB41E0017EE77 /* NetworkManger.swift */ = {isa = PBXFileReference; lastKnownFileType = sourcecode.swift; path = NetworkManger.swift; sourceTree = "<group>"; };
		56DE7C6E2734BAC60093C9AE /* Game.swift */ = {isa = PBXFileReference; lastKnownFileType = sourcecode.swift; path = Game.swift; sourceTree = "<group>"; };
		56DE7C712734BADC0093C9AE /* Winner.swift */ = {isa = PBXFileReference; lastKnownFileType = sourcecode.swift; path = Winner.swift; sourceTree = "<group>"; };
		56DE7C742734BAEA0093C9AE /* League.swift */ = {isa = PBXFileReference; lastKnownFileType = sourcecode.swift; path = League.swift; sourceTree = "<group>"; };
		56DE7C772734BAF60093C9AE /* Opponents.swift */ = {isa = PBXFileReference; lastKnownFileType = sourcecode.swift; path = Opponents.swift; sourceTree = "<group>"; };
		56DE7C7A2734BAFD0093C9AE /* Opponent.swift */ = {isa = PBXFileReference; lastKnownFileType = sourcecode.swift; path = Opponent.swift; sourceTree = "<group>"; };
		56DE7C822734BE110093C9AE /* DateFotmat.swift */ = {isa = PBXFileReference; lastKnownFileType = sourcecode.swift; path = DateFotmat.swift; sourceTree = "<group>"; };
		56DE7C872734E68D0093C9AE /* DateFormatter.swift */ = {isa = PBXFileReference; lastKnownFileType = sourcecode.swift; path = DateFormatter.swift; sourceTree = "<group>"; };
		56DE7C8F273545310093C9AE /* Storage.swift */ = {isa = PBXFileReference; lastKnownFileType = sourcecode.swift; path = Storage.swift; sourceTree = "<group>"; };
		56DE7C96273572B80093C9AE /* LeagueScheduleTableViewCell.swift */ = {isa = PBXFileReference; lastKnownFileType = sourcecode.swift; path = LeagueScheduleTableViewCell.swift; sourceTree = "<group>"; };
		56E26B8827193C92007C9EE0 /* ScheduleViewController.swift */ = {isa = PBXFileReference; lastKnownFileType = sourcecode.swift; path = ScheduleViewController.swift; sourceTree = "<group>"; };
		56E26B8B27193CA7007C9EE0 /* RankViewController.swift */ = {isa = PBXFileReference; lastKnownFileType = sourcecode.swift; path = RankViewController.swift; sourceTree = "<group>"; };
		56E26B8E27193CB8007C9EE0 /* NewsViewController.swift */ = {isa = PBXFileReference; lastKnownFileType = sourcecode.swift; path = NewsViewController.swift; sourceTree = "<group>"; };
		56E26B9127193CD5007C9EE0 /* PlayerViewController.swift */ = {isa = PBXFileReference; lastKnownFileType = sourcecode.swift; path = PlayerViewController.swift; sourceTree = "<group>"; };
		56E8E63127322F15003A0EDA /* ReceivedScheduleModel.swift */ = {isa = PBXFileReference; lastKnownFileType = sourcecode.swift; path = ReceivedScheduleModel.swift; sourceTree = "<group>"; };
		56E9F0BD27394B3E00E7A901 /* MatchStatusType.swift */ = {isa = PBXFileReference; lastKnownFileType = sourcecode.swift; path = MatchStatusType.swift; sourceTree = "<group>"; };
		56E9F0C12739600500E7A901 /* LeagueScheduleSectionHeader.swift */ = {isa = PBXFileReference; lastKnownFileType = sourcecode.swift; path = LeagueScheduleSectionHeader.swift; sourceTree = "<group>"; };
		56FC0C7B270CAB1800E1FE3B /* TeamTabbarCollectionViewCell.swift */ = {isa = PBXFileReference; lastKnownFileType = sourcecode.swift; path = TeamTabbarCollectionViewCell.swift; sourceTree = "<group>"; };
		5F6CC99A0F5B2A97AA8FEBE4 /* Pods-JoinUs.debug.xcconfig */ = {isa = PBXFileReference; includeInIndex = 1; lastKnownFileType = text.xcconfig; name = "Pods-JoinUs.debug.xcconfig"; path = "Target Support Files/Pods-JoinUs/Pods-JoinUs.debug.xcconfig"; sourceTree = "<group>"; };
		8F85D3B5AEC3F930AA268AC6 /* libPods-JoinUs.a */ = {isa = PBXFileReference; explicitFileType = archive.ar; includeInIndex = 0; path = "libPods-JoinUs.a"; sourceTree = BUILT_PRODUCTS_DIR; };
		DE2EFA195FAFF65F561DAB3D /* Pods-JoinUs.release.xcconfig */ = {isa = PBXFileReference; includeInIndex = 1; lastKnownFileType = text.xcconfig; name = "Pods-JoinUs.release.xcconfig"; path = "Target Support Files/Pods-JoinUs/Pods-JoinUs.release.xcconfig"; sourceTree = "<group>"; };
/* End PBXFileReference section */

/* Begin PBXFrameworksBuildPhase section */
		564EC1F92709D63800DCA9E6 /* Frameworks */ = {
			isa = PBXFrameworksBuildPhase;
			buildActionMask = 2147483647;
			files = (
				28639D38A772F5671094A996 /* libPods-JoinUs.a in Frameworks */,
			);
			runOnlyForDeploymentPostprocessing = 0;
		};
/* End PBXFrameworksBuildPhase section */

/* Begin PBXGroup section */
		096F70A87D11E6C8EE6CE571 /* Pods */ = {
			isa = PBXGroup;
			children = (
				5F6CC99A0F5B2A97AA8FEBE4 /* Pods-JoinUs.debug.xcconfig */,
				DE2EFA195FAFF65F561DAB3D /* Pods-JoinUs.release.xcconfig */,
			);
			path = Pods;
			sourceTree = "<group>";
		};
		5602F05F270D75FD0096B048 /* Resource */ = {
			isa = PBXGroup;
			children = (
				5605BB06271532EE00A9811A /* TeamImage */,
				5605BB07271532FF00A9811A /* PlayerImage */,
				564EC2082709D63900DCA9E6 /* Assets.xcassets */,
			);
			path = Resource;
			sourceTree = "<group>";
		};
		5605BB06271532EE00A9811A /* TeamImage */ = {
			isa = PBXGroup;
			children = (
				5605BB782715349900A9811A /* 1.jpg */,
				5605BB7C2715349900A9811A /* 2.jpg */,
				5605BB792715349900A9811A /* 3.jpg */,
				5605BB7E2715349900A9811A /* 4.jpg */,
				5605BB802715349900A9811A /* 5.jpg */,
				5605BB7A2715349900A9811A /* 6.jpg */,
				5605BB772715349900A9811A /* 7.jpg */,
				5605BB7B2715349900A9811A /* 8.jpg */,
				5605BB7D2715349900A9811A /* 9.jpg */,
				5605BB7F2715349900A9811A /* 10.jpg */,
			);
			path = TeamImage;
			sourceTree = "<group>";
		};
		5605BB07271532FF00A9811A /* PlayerImage */ = {
			isa = PBXGroup;
			children = (
				5605BB2C2715348F00A9811A /* 담원기아 */,
				5605BB3E2715348F00A9811A /* 한화생명 */,
				5605BB1A2715348F00A9811A /* T1 */,
				5605BB262715348F00A9811A /* 젠지 */,
				5605BB322715348F00A9811A /* 농심 */,
				5605BB202715348F00A9811A /* 리브샌박 */,
				5605BB0E2715348F00A9811A /* 아프리카 */,
				5605BB382715348F00A9811A /* 프레딧 */,
				5605BB082715348F00A9811A /* KT */,
				5605BB142715348F00A9811A /* DRX */,
			);
			path = PlayerImage;
			sourceTree = "<group>";
		};
		5605BB082715348F00A9811A /* KT */ = {
			isa = PBXGroup;
			children = (
				5605BB0C2715348F00A9811A /* Dove.jpg */,
				5605BB0A2715348F00A9811A /* Doran.jpg */,
				5605BB0B2715348F00A9811A /* 5kid.jpg */,
				5605BB0D2715348F00A9811A /* Zzus.jpg */,
				5605BB092715348F00A9811A /* Blank.jpg */,
			);
			path = KT;
			sourceTree = "<group>";
		};
		5605BB0E2715348F00A9811A /* 아프리카 */ = {
			isa = PBXGroup;
			children = (
				5605BB0F2715348F00A9811A /* Fly.jpg */,
				5605BB132715348F00A9811A /* Kiin.jpg */,
				5605BB122715348F00A9811A /* Dread.jpg */,
				5605BB112715348F00A9811A /* Lehends.jpg */,
				5605BB102715348F00A9811A /* Leo.jpg */,
			);
			path = "아프리카";
			sourceTree = "<group>";
		};
		5605BB142715348F00A9811A /* DRX */ = {
			isa = PBXGroup;
			children = (
				5605BB152715348F00A9811A /* Jett.jpg */,
				5605BB182715348F00A9811A /* Pyosik.jpg */,
				5605BB192715348F00A9811A /* Kingen.jpg */,
				5605BB172715348F00A9811A /* Taeyoon.jpg */,
				5605BB162715348F00A9811A /* Jun.jpg */,
			);
			path = DRX;
			sourceTree = "<group>";
		};
		5605BB1A2715348F00A9811A /* T1 */ = {
			isa = PBXGroup;
			children = (
				5605BB1C2715348F00A9811A /* Faker.jpg */,
				5605BB1E2715348F00A9811A /* Canna.jpg */,
				5605BB1F2715348F00A9811A /* Keria.jpg */,
				5605BB1B2715348F00A9811A /* Gumayusi.jpg */,
				5605BB1D2715348F00A9811A /* Oner.jpg */,
			);
			path = T1;
			sourceTree = "<group>";
		};
		5605BB202715348F00A9811A /* 리브샌박 */ = {
			isa = PBXGroup;
			children = (
				5605BB242715348F00A9811A /* FATE.jpg */,
				5605BB222715348F00A9811A /* Summit.jpg */,
				5605BB252715348F00A9811A /* Croco.jpg */,
				5605BB212715348F00A9811A /* Effort.jpg */,
				5605BB232715348F00A9811A /* Prince.jpg */,
			);
			path = "리브샌박";
			sourceTree = "<group>";
		};
		5605BB262715348F00A9811A /* 젠지 */ = {
			isa = PBXGroup;
			children = (
				5605BB282715348F00A9811A /* Bdd.jpg */,
				5605BB272715348F00A9811A /* Ruler.jpg */,
				5605BB292715348F00A9811A /* Life.jpg */,
				5605BB2B2715348F00A9811A /* Rascal.jpg */,
				5605BB2A2715348F00A9811A /* Clid.jpg */,
			);
			path = "젠지";
			sourceTree = "<group>";
		};
		5605BB2C2715348F00A9811A /* 담원기아 */ = {
			isa = PBXGroup;
			children = (
				5605BB2D2715348F00A9811A /* ShowMaker.jpg */,
				5605BB2E2715348F00A9811A /* Canyon.jpg */,
				5605BB2F2715348F00A9811A /* Khan.jpg */,
				5605BB312715348F00A9811A /* BeryL.jpg */,
				5605BB302715348F00A9811A /* Ghost.jpg */,
			);
			path = "담원기아";
			sourceTree = "<group>";
		};
		5605BB322715348F00A9811A /* 농심 */ = {
			isa = PBXGroup;
			children = (
				5605BB342715348F00A9811A /* Gori.jpg */,
				5605BB372715348F00A9811A /* deokdam.jpg */,
				5605BB332715348F00A9811A /* Rich.jpg */,
				5605BB362715348F00A9811A /* Kellin.jpg */,
				5605BB352715348F00A9811A /* Peanut.jpg */,
			);
			path = "농심";
			sourceTree = "<group>";
		};
		5605BB382715348F00A9811A /* 프레딧 */ = {
			isa = PBXGroup;
			children = (
				5605BB392715348F00A9811A /* Lava.jpg */,
				5605BB3C2715348F00A9811A /* Hena.jpg */,
				5605BB3B2715348F00A9811A /* Hoya.jpg */,
				5605BB3A2715348F00A9811A /* UmTi.jpg */,
				5605BB3D2715348F00A9811A /* Delight.jpg */,
			);
			path = "프레딧";
			sourceTree = "<group>";
		};
		5605BB3E2715348F00A9811A /* 한화생명 */ = {
			isa = PBXGroup;
			children = (
				5605BB432715348F00A9811A /* Chovy.jpg */,
				5605BB422715348F00A9811A /* Deft.jpg */,
				5605BB402715348F00A9811A /* Vsta.jpg */,
				5605BB412715348F00A9811A /* Morgan.jpg */,
				5605BB3F2715348F00A9811A /* Willer.jpg */,
			);
			path = "한화생명";
			sourceTree = "<group>";
		};
		5605BB932715631C00A9811A /* Enum */ = {
			isa = PBXGroup;
			children = (
				5605BB942715636500A9811A /* TeamType.swift */,
				56DE7C822734BE110093C9AE /* DateFotmat.swift */,
				56E9F0BD27394B3E00E7A901 /* MatchStatusType.swift */,
				5677F5A5273A018900BACF0B /* SectionHeaderType.swift */,
			);
			path = Enum;
			sourceTree = "<group>";
		};
		5643453C2730FCDE00E7994B /* Network */ = {
			isa = PBXGroup;
			children = (
				56DE7C6B2734B9D80093C9AE /* Enum */,
				56C71EE4273AB41E0017EE77 /* NetworkManger.swift */,
			);
			path = Network;
			sourceTree = "<group>";
		};
		564C518627144091001419BE /* SupportingFiles */ = {
			isa = PBXGroup;
			children = (
				564EC1FF2709D63800DCA9E6 /* AppDelegate.swift */,
				564EC2012709D63800DCA9E6 /* SceneDelegate.swift */,
				564EC20A2709D63900DCA9E6 /* LaunchScreen.storyboard */,
				564EC20D2709D63900DCA9E6 /* Info.plist */,
			);
			path = SupportingFiles;
			sourceTree = "<group>";
		};
		564EC1F32709D63800DCA9E6 = {
			isa = PBXGroup;
			children = (
				564EC1FE2709D63800DCA9E6 /* JoinUs */,
				096F70A87D11E6C8EE6CE571 /* Pods */,
				7D021C45D234223027773AF6 /* Frameworks */,
			);
			sourceTree = "<group>";
		};
		564EC1FD2709D63800DCA9E6 /* Products */ = {
			isa = PBXGroup;
			children = (
				564EC1FC2709D63800DCA9E6 /* JoinUs.app */,
			);
			name = Products;
			path = ..;
			sourceTree = "<group>";
		};
		564EC1FE2709D63800DCA9E6 /* JoinUs */ = {
			isa = PBXGroup;
			children = (
				56DE7C862734E67D0093C9AE /* Extension */,
				5605BB932715631C00A9811A /* Enum */,
				5643453C2730FCDE00E7994B /* Network */,
				56FC0C79270CAACC00E1FE3B /* Model */,
				56FC0C78270CAACA00E1FE3B /* ViewModel */,
				56FC0C7A270CAB0100E1FE3B /* View */,
				56FC0C7F270CAB4900E1FE3B /* Controller */,
				5602F05F270D75FD0096B048 /* Resource */,
				564C518627144091001419BE /* SupportingFiles */,
				564EC1FD2709D63800DCA9E6 /* Products */,
				56DE7C8F273545310093C9AE /* Storage.swift */,
			);
			path = JoinUs;
			sourceTree = "<group>";
		};
		56DE7C682734B4CB0093C9AE /* Response */ = {
			isa = PBXGroup;
			children = (
				56E8E63127322F15003A0EDA /* ReceivedScheduleModel.swift */,
				56DE7C6E2734BAC60093C9AE /* Game.swift */,
				56DE7C712734BADC0093C9AE /* Winner.swift */,
				56DE7C742734BAEA0093C9AE /* League.swift */,
				56DE7C772734BAF60093C9AE /* Opponents.swift */,
				56DE7C7A2734BAFD0093C9AE /* Opponent.swift */,
			);
			path = Response;
			sourceTree = "<group>";
		};
		56DE7C6B2734B9D80093C9AE /* Enum */ = {
			isa = PBXGroup;
			children = (
				564345412730FDAC00E7994B /* RequestScheduleType.swift */,
				561EDFAF2723FE3F00D31E7F /* NetworkError.swift */,
			);
			path = Enum;
			sourceTree = "<group>";
		};
		56DE7C862734E67D0093C9AE /* Extension */ = {
			isa = PBXGroup;
			children = (
				56DE7C872734E68D0093C9AE /* DateFormatter.swift */,
			);
			path = Extension;
			sourceTree = "<group>";
		};
		56FC0C78270CAACA00E1FE3B /* ViewModel */ = {
			isa = PBXGroup;
			children = (
				5602F05C270D2E0E0096B048 /* TeamTabbarViewModel.swift */,
				5605BB8F2715351700A9811A /* PlayerCollectionViewModel.swift */,
				565CA24327229FC500669E8F /* ScheduleTableViewModel.swift */,
			);
			path = ViewModel;
			sourceTree = "<group>";
		};
		56FC0C79270CAACC00E1FE3B /* Model */ = {
			isa = PBXGroup;
			children = (
				56DE7C682734B4CB0093C9AE /* Response */,
				5602F059270D2DE00096B048 /* TeamModel.swift */,
				5605BB8C271534DE00A9811A /* PlayerModel.swift */,
				564345472731301F00E7994B /* ScheduleTableViewCellModel.swift */,
				56555F6D273670AA00A8A53D /* Observable.swift */,
			);
			path = Model;
			sourceTree = "<group>";
		};
		56FC0C7A270CAB0100E1FE3B /* View */ = {
			isa = PBXGroup;
			children = (
				564C518127142921001419BE /* Main.storyboard */,
				56DE7C96273572B80093C9AE /* LeagueScheduleTableViewCell.swift */,
				56C2CEB3271D63DF005691C6 /* ScheduleTableViewCell.swift */,
				56FC0C7B270CAB1800E1FE3B /* TeamTabbarCollectionViewCell.swift */,
				56BFFC102720FDE1007A1826 /* TeamTabbarTableViewCell.swift */,
				5605BB9827157FBF00A9811A /* PlayerCollectionViewCell.swift */,
				56BFFC1427210025007A1826 /* PlayerTableViewCell.swift */,
				562DB967271E93DF00EC6ABE /* ScheduleSectionHeader.swift */,
				56E9F0C12739600500E7A901 /* LeagueScheduleSectionHeader.swift */,
			);
			path = View;
			sourceTree = "<group>";
		};
		56FC0C7F270CAB4900E1FE3B /* Controller */ = {
			isa = PBXGroup;
			children = (
				56789D4427170186001B4784 /* TabbarController.swift */,
				564EC2032709D63800DCA9E6 /* HomeViewController.swift */,
				56E26B8827193C92007C9EE0 /* ScheduleViewController.swift */,
				56E26B8B27193CA7007C9EE0 /* RankViewController.swift */,
				56E26B8E27193CB8007C9EE0 /* NewsViewController.swift */,
				56E26B9127193CD5007C9EE0 /* PlayerViewController.swift */,
			);
			path = Controller;
			sourceTree = "<group>";
		};
		7D021C45D234223027773AF6 /* Frameworks */ = {
			isa = PBXGroup;
			children = (
				8F85D3B5AEC3F930AA268AC6 /* libPods-JoinUs.a */,
			);
			name = Frameworks;
			sourceTree = "<group>";
		};
/* End PBXGroup section */

/* Begin PBXNativeTarget section */
		564EC1FB2709D63800DCA9E6 /* JoinUs */ = {
			isa = PBXNativeTarget;
			buildConfigurationList = 564EC2102709D63900DCA9E6 /* Build configuration list for PBXNativeTarget "JoinUs" */;
			buildPhases = (
				431F18CD1E9C49473EC13C19 /* [CP] Check Pods Manifest.lock */,
				564EC1F82709D63800DCA9E6 /* Sources */,
				564EC1F92709D63800DCA9E6 /* Frameworks */,
				564EC1FA2709D63800DCA9E6 /* Resources */,
			);
			buildRules = (
			);
			dependencies = (
			);
			name = JoinUs;
			productName = JoinUs;
			productReference = 564EC1FC2709D63800DCA9E6 /* JoinUs.app */;
			productType = "com.apple.product-type.application";
		};
/* End PBXNativeTarget section */

/* Begin PBXProject section */
		564EC1F42709D63800DCA9E6 /* Project object */ = {
			isa = PBXProject;
			attributes = {
				LastSwiftUpdateCheck = 1240;
				LastUpgradeCheck = 1240;
				TargetAttributes = {
					564EC1FB2709D63800DCA9E6 = {
						CreatedOnToolsVersion = 12.4;
					};
				};
			};
			buildConfigurationList = 564EC1F72709D63800DCA9E6 /* Build configuration list for PBXProject "JoinUs" */;
			compatibilityVersion = "Xcode 9.3";
			developmentRegion = en;
			hasScannedForEncodings = 0;
			knownRegions = (
				en,
				Base,
			);
			mainGroup = 564EC1F32709D63800DCA9E6;
			productRefGroup = 564EC1FD2709D63800DCA9E6 /* Products */;
			projectDirPath = "";
			projectRoot = "";
			targets = (
				564EC1FB2709D63800DCA9E6 /* JoinUs */,
			);
		};
/* End PBXProject section */

/* Begin PBXResourcesBuildPhase section */
		564EC1FA2709D63800DCA9E6 /* Resources */ = {
			isa = PBXResourcesBuildPhase;
			buildActionMask = 2147483647;
			files = (
				5605BB662715348F00A9811A /* BeryL.jpg in Resources */,
				5605BB442715348F00A9811A /* Blank.jpg in Resources */,
				5605BB6D2715348F00A9811A /* UmTi.jpg in Resources */,
				5605BB842715349900A9811A /* 6.jpg in Resources */,
				5605BB752715348F00A9811A /* Chovy.jpg in Resources */,
				5605BB5F2715348F00A9811A /* Life.jpg in Resources */,
				5605BB592715348F00A9811A /* Summit.jpg in Resources */,
				564EC20C2709D63900DCA9E6 /* LaunchScreen.storyboard in Resources */,
				5605BB4B2715348F00A9811A /* Lehends.jpg in Resources */,
				5605BB462715348F00A9811A /* 5kid.jpg in Resources */,
				5605BB4D2715348F00A9811A /* Kiin.jpg in Resources */,
				5605BB6B2715348F00A9811A /* deokdam.jpg in Resources */,
				5605BB632715348F00A9811A /* Canyon.jpg in Resources */,
				5605BB702715348F00A9811A /* Delight.jpg in Resources */,
				5605BB6F2715348F00A9811A /* Hena.jpg in Resources */,
				5605BB5C2715348F00A9811A /* Croco.jpg in Resources */,
				5605BB542715348F00A9811A /* Faker.jpg in Resources */,
				5605BB482715348F00A9811A /* Zzus.jpg in Resources */,
				5605BB532715348F00A9811A /* Gumayusi.jpg in Resources */,
				5605BB722715348F00A9811A /* Vsta.jpg in Resources */,
				5605BB732715348F00A9811A /* Morgan.jpg in Resources */,
				5605BB552715348F00A9811A /* Oner.jpg in Resources */,
				5605BB5A2715348F00A9811A /* Prince.jpg in Resources */,
				5605BB862715349900A9811A /* 2.jpg in Resources */,
				5605BB5E2715348F00A9811A /* Bdd.jpg in Resources */,
				5605BB4F2715348F00A9811A /* Jun.jpg in Resources */,
				5605BB4A2715348F00A9811A /* Leo.jpg in Resources */,
				564EC2092709D63900DCA9E6 /* Assets.xcassets in Resources */,
				5605BB692715348F00A9811A /* Peanut.jpg in Resources */,
				5605BB502715348F00A9811A /* Taeyoon.jpg in Resources */,
				564C518227142921001419BE /* Main.storyboard in Resources */,
				5605BB6C2715348F00A9811A /* Lava.jpg in Resources */,
				5605BB712715348F00A9811A /* Willer.jpg in Resources */,
				5605BB872715349900A9811A /* 9.jpg in Resources */,
				5605BB622715348F00A9811A /* ShowMaker.jpg in Resources */,
				5605BB652715348F00A9811A /* Ghost.jpg in Resources */,
				5605BB602715348F00A9811A /* Clid.jpg in Resources */,
				5605BB522715348F00A9811A /* Kingen.jpg in Resources */,
				5605BB582715348F00A9811A /* Effort.jpg in Resources */,
				5605BB8A2715349900A9811A /* 5.jpg in Resources */,
				5605BB612715348F00A9811A /* Rascal.jpg in Resources */,
				5605BB562715348F00A9811A /* Canna.jpg in Resources */,
				5605BB4C2715348F00A9811A /* Dread.jpg in Resources */,
				5605BB742715348F00A9811A /* Deft.jpg in Resources */,
				5605BB672715348F00A9811A /* Rich.jpg in Resources */,
				5605BB6E2715348F00A9811A /* Hoya.jpg in Resources */,
				5605BB5B2715348F00A9811A /* FATE.jpg in Resources */,
				5605BB4E2715348F00A9811A /* Jett.jpg in Resources */,
				5605BB822715349900A9811A /* 1.jpg in Resources */,
				5605BB852715349900A9811A /* 8.jpg in Resources */,
				5605BB682715348F00A9811A /* Gori.jpg in Resources */,
				5605BB892715349900A9811A /* 10.jpg in Resources */,
				5605BB642715348F00A9811A /* Khan.jpg in Resources */,
				5605BB832715349900A9811A /* 3.jpg in Resources */,
				5605BB492715348F00A9811A /* Fly.jpg in Resources */,
				5605BB6A2715348F00A9811A /* Kellin.jpg in Resources */,
				5605BB512715348F00A9811A /* Pyosik.jpg in Resources */,
				5605BB5D2715348F00A9811A /* Ruler.jpg in Resources */,
				5605BB572715348F00A9811A /* Keria.jpg in Resources */,
				5605BB812715349900A9811A /* 7.jpg in Resources */,
				5605BB882715349900A9811A /* 4.jpg in Resources */,
				5605BB452715348F00A9811A /* Doran.jpg in Resources */,
				5605BB472715348F00A9811A /* Dove.jpg in Resources */,
			);
			runOnlyForDeploymentPostprocessing = 0;
		};
/* End PBXResourcesBuildPhase section */

/* Begin PBXShellScriptBuildPhase section */
		431F18CD1E9C49473EC13C19 /* [CP] Check Pods Manifest.lock */ = {
			isa = PBXShellScriptBuildPhase;
			buildActionMask = 2147483647;
			files = (
			);
			inputFileListPaths = (
			);
			inputPaths = (
				"${PODS_PODFILE_DIR_PATH}/Podfile.lock",
				"${PODS_ROOT}/Manifest.lock",
			);
			name = "[CP] Check Pods Manifest.lock";
			outputFileListPaths = (
			);
			outputPaths = (
				"$(DERIVED_FILE_DIR)/Pods-JoinUs-checkManifestLockResult.txt",
			);
			runOnlyForDeploymentPostprocessing = 0;
			shellPath = /bin/sh;
			shellScript = "diff \"${PODS_PODFILE_DIR_PATH}/Podfile.lock\" \"${PODS_ROOT}/Manifest.lock\" > /dev/null\nif [ $? != 0 ] ; then\n    # print error to STDERR\n    echo \"error: The sandbox is not in sync with the Podfile.lock. Run 'pod install' or update your CocoaPods installation.\" >&2\n    exit 1\nfi\n# This output is used by Xcode 'outputs' to avoid re-running this script phase.\necho \"SUCCESS\" > \"${SCRIPT_OUTPUT_FILE_0}\"\n";
			showEnvVarsInLog = 0;
		};
/* End PBXShellScriptBuildPhase section */

/* Begin PBXSourcesBuildPhase section */
		564EC1F82709D63800DCA9E6 /* Sources */ = {
			isa = PBXSourcesBuildPhase;
			buildActionMask = 2147483647;
			files = (
				564EC2042709D63800DCA9E6 /* HomeViewController.swift in Sources */,
				564345482731301F00E7994B /* ScheduleTableViewCellModel.swift in Sources */,
				5602F05A270D2DE00096B048 /* TeamModel.swift in Sources */,
				56C2CEB4271D63DF005691C6 /* ScheduleTableViewCell.swift in Sources */,
				56555F6E273670AA00A8A53D /* Observable.swift in Sources */,
				56DE7C752734BAEA0093C9AE /* League.swift in Sources */,
				56E26B8C27193CA7007C9EE0 /* RankViewController.swift in Sources */,
				564EC2002709D63800DCA9E6 /* AppDelegate.swift in Sources */,
				562DB968271E93DF00EC6ABE /* ScheduleSectionHeader.swift in Sources */,
				561EDFB02723FE3F00D31E7F /* NetworkError.swift in Sources */,
				56E9F0BE27394B3E00E7A901 /* MatchStatusType.swift in Sources */,
				56E26B8927193C92007C9EE0 /* ScheduleViewController.swift in Sources */,
				56DE7C722734BADC0093C9AE /* Winner.swift in Sources */,
				56DE7C782734BAF60093C9AE /* Opponents.swift in Sources */,
				56DE7C6F2734BAC60093C9AE /* Game.swift in Sources */,
				564EC2022709D63800DCA9E6 /* SceneDelegate.swift in Sources */,
				56DE7C90273545310093C9AE /* Storage.swift in Sources */,
				56BFFC1527210025007A1826 /* PlayerTableViewCell.swift in Sources */,
				56DE7C832734BE110093C9AE /* DateFotmat.swift in Sources */,
				56E8E63227322F15003A0EDA /* ReceivedScheduleModel.swift in Sources */,
				56FC0C7C270CAB1800E1FE3B /* TeamTabbarCollectionViewCell.swift in Sources */,
				5602F05D270D2E0E0096B048 /* TeamTabbarViewModel.swift in Sources */,
				56C71EE5273AB41E0017EE77 /* NetworkManger.swift in Sources */,
				56BFFC112720FDE1007A1826 /* TeamTabbarTableViewCell.swift in Sources */,
				5605BB8D271534DE00A9811A /* PlayerModel.swift in Sources */,
				56789D4527170186001B4784 /* TabbarController.swift in Sources */,
				565CA24427229FC500669E8F /* ScheduleTableViewModel.swift in Sources */,
				56DE7C97273572B80093C9AE /* LeagueScheduleTableViewCell.swift in Sources */,
				5605BB902715351700A9811A /* PlayerCollectionViewModel.swift in Sources */,
				56E26B8F27193CB8007C9EE0 /* NewsViewController.swift in Sources */,
				56DE7C882734E68D0093C9AE /* DateFormatter.swift in Sources */,
				5605BB952715636500A9811A /* TeamType.swift in Sources */,
				5605BB9927157FBF00A9811A /* PlayerCollectionViewCell.swift in Sources */,
				56E9F0C22739600500E7A901 /* LeagueScheduleSectionHeader.swift in Sources */,
				564345422730FDAC00E7994B /* RequestScheduleType.swift in Sources */,
				56DE7C7B2734BAFD0093C9AE /* Opponent.swift in Sources */,
				56E26B9227193CD5007C9EE0 /* PlayerViewController.swift in Sources */,
				5677F5A6273A018900BACF0B /* SectionHeaderType.swift in Sources */,
			);
			runOnlyForDeploymentPostprocessing = 0;
		};
/* End PBXSourcesBuildPhase section */

/* Begin PBXVariantGroup section */
		564EC20A2709D63900DCA9E6 /* LaunchScreen.storyboard */ = {
			isa = PBXVariantGroup;
			children = (
				564EC20B2709D63900DCA9E6 /* Base */,
			);
			name = LaunchScreen.storyboard;
			sourceTree = "<group>";
		};
/* End PBXVariantGroup section */

/* Begin XCBuildConfiguration section */
		564EC20E2709D63900DCA9E6 /* Debug */ = {
			isa = XCBuildConfiguration;
			buildSettings = {
				ALWAYS_SEARCH_USER_PATHS = NO;
				CLANG_ANALYZER_NONNULL = YES;
				CLANG_ANALYZER_NUMBER_OBJECT_CONVERSION = YES_AGGRESSIVE;
				CLANG_CXX_LANGUAGE_STANDARD = "gnu++14";
				CLANG_CXX_LIBRARY = "libc++";
				CLANG_ENABLE_MODULES = YES;
				CLANG_ENABLE_OBJC_ARC = YES;
				CLANG_ENABLE_OBJC_WEAK = YES;
				CLANG_WARN_BLOCK_CAPTURE_AUTORELEASING = YES;
				CLANG_WARN_BOOL_CONVERSION = YES;
				CLANG_WARN_COMMA = YES;
				CLANG_WARN_CONSTANT_CONVERSION = YES;
				CLANG_WARN_DEPRECATED_OBJC_IMPLEMENTATIONS = YES;
				CLANG_WARN_DIRECT_OBJC_ISA_USAGE = YES_ERROR;
				CLANG_WARN_DOCUMENTATION_COMMENTS = YES;
				CLANG_WARN_EMPTY_BODY = YES;
				CLANG_WARN_ENUM_CONVERSION = YES;
				CLANG_WARN_INFINITE_RECURSION = YES;
				CLANG_WARN_INT_CONVERSION = YES;
				CLANG_WARN_NON_LITERAL_NULL_CONVERSION = YES;
				CLANG_WARN_OBJC_IMPLICIT_RETAIN_SELF = YES;
				CLANG_WARN_OBJC_LITERAL_CONVERSION = YES;
				CLANG_WARN_OBJC_ROOT_CLASS = YES_ERROR;
				CLANG_WARN_QUOTED_INCLUDE_IN_FRAMEWORK_HEADER = YES;
				CLANG_WARN_RANGE_LOOP_ANALYSIS = YES;
				CLANG_WARN_STRICT_PROTOTYPES = YES;
				CLANG_WARN_SUSPICIOUS_MOVE = YES;
				CLANG_WARN_UNGUARDED_AVAILABILITY = YES_AGGRESSIVE;
				CLANG_WARN_UNREACHABLE_CODE = YES;
				CLANG_WARN__DUPLICATE_METHOD_MATCH = YES;
				COPY_PHASE_STRIP = NO;
				DEBUG_INFORMATION_FORMAT = dwarf;
				ENABLE_STRICT_OBJC_MSGSEND = YES;
				ENABLE_TESTABILITY = YES;
				GCC_C_LANGUAGE_STANDARD = gnu11;
				GCC_DYNAMIC_NO_PIC = NO;
				GCC_NO_COMMON_BLOCKS = YES;
				GCC_OPTIMIZATION_LEVEL = 0;
				GCC_PREPROCESSOR_DEFINITIONS = (
					"DEBUG=1",
					"$(inherited)",
				);
				GCC_WARN_64_TO_32_BIT_CONVERSION = YES;
				GCC_WARN_ABOUT_RETURN_TYPE = YES_ERROR;
				GCC_WARN_UNDECLARED_SELECTOR = YES;
				GCC_WARN_UNINITIALIZED_AUTOS = YES_AGGRESSIVE;
				GCC_WARN_UNUSED_FUNCTION = YES;
				GCC_WARN_UNUSED_VARIABLE = YES;
				IPHONEOS_DEPLOYMENT_TARGET = 14.4;
				MTL_ENABLE_DEBUG_INFO = INCLUDE_SOURCE;
				MTL_FAST_MATH = YES;
				ONLY_ACTIVE_ARCH = YES;
				SDKROOT = iphoneos;
				SWIFT_ACTIVE_COMPILATION_CONDITIONS = DEBUG;
				SWIFT_OPTIMIZATION_LEVEL = "-Onone";
			};
			name = Debug;
		};
		564EC20F2709D63900DCA9E6 /* Release */ = {
			isa = XCBuildConfiguration;
			buildSettings = {
				ALWAYS_SEARCH_USER_PATHS = NO;
				CLANG_ANALYZER_NONNULL = YES;
				CLANG_ANALYZER_NUMBER_OBJECT_CONVERSION = YES_AGGRESSIVE;
				CLANG_CXX_LANGUAGE_STANDARD = "gnu++14";
				CLANG_CXX_LIBRARY = "libc++";
				CLANG_ENABLE_MODULES = YES;
				CLANG_ENABLE_OBJC_ARC = YES;
				CLANG_ENABLE_OBJC_WEAK = YES;
				CLANG_WARN_BLOCK_CAPTURE_AUTORELEASING = YES;
				CLANG_WARN_BOOL_CONVERSION = YES;
				CLANG_WARN_COMMA = YES;
				CLANG_WARN_CONSTANT_CONVERSION = YES;
				CLANG_WARN_DEPRECATED_OBJC_IMPLEMENTATIONS = YES;
				CLANG_WARN_DIRECT_OBJC_ISA_USAGE = YES_ERROR;
				CLANG_WARN_DOCUMENTATION_COMMENTS = YES;
				CLANG_WARN_EMPTY_BODY = YES;
				CLANG_WARN_ENUM_CONVERSION = YES;
				CLANG_WARN_INFINITE_RECURSION = YES;
				CLANG_WARN_INT_CONVERSION = YES;
				CLANG_WARN_NON_LITERAL_NULL_CONVERSION = YES;
				CLANG_WARN_OBJC_IMPLICIT_RETAIN_SELF = YES;
				CLANG_WARN_OBJC_LITERAL_CONVERSION = YES;
				CLANG_WARN_OBJC_ROOT_CLASS = YES_ERROR;
				CLANG_WARN_QUOTED_INCLUDE_IN_FRAMEWORK_HEADER = YES;
				CLANG_WARN_RANGE_LOOP_ANALYSIS = YES;
				CLANG_WARN_STRICT_PROTOTYPES = YES;
				CLANG_WARN_SUSPICIOUS_MOVE = YES;
				CLANG_WARN_UNGUARDED_AVAILABILITY = YES_AGGRESSIVE;
				CLANG_WARN_UNREACHABLE_CODE = YES;
				CLANG_WARN__DUPLICATE_METHOD_MATCH = YES;
				COPY_PHASE_STRIP = NO;
				DEBUG_INFORMATION_FORMAT = "dwarf-with-dsym";
				ENABLE_NS_ASSERTIONS = NO;
				ENABLE_STRICT_OBJC_MSGSEND = YES;
				GCC_C_LANGUAGE_STANDARD = gnu11;
				GCC_NO_COMMON_BLOCKS = YES;
				GCC_WARN_64_TO_32_BIT_CONVERSION = YES;
				GCC_WARN_ABOUT_RETURN_TYPE = YES_ERROR;
				GCC_WARN_UNDECLARED_SELECTOR = YES;
				GCC_WARN_UNINITIALIZED_AUTOS = YES_AGGRESSIVE;
				GCC_WARN_UNUSED_FUNCTION = YES;
				GCC_WARN_UNUSED_VARIABLE = YES;
				IPHONEOS_DEPLOYMENT_TARGET = 14.4;
				MTL_ENABLE_DEBUG_INFO = NO;
				MTL_FAST_MATH = YES;
				SDKROOT = iphoneos;
				SWIFT_COMPILATION_MODE = wholemodule;
				SWIFT_OPTIMIZATION_LEVEL = "-O";
				VALIDATE_PRODUCT = YES;
			};
			name = Release;
		};
		564EC2112709D63900DCA9E6 /* Debug */ = {
			isa = XCBuildConfiguration;
			baseConfigurationReference = 5F6CC99A0F5B2A97AA8FEBE4 /* Pods-JoinUs.debug.xcconfig */;
			buildSettings = {
				ASSETCATALOG_COMPILER_APPICON_NAME = AppIcon;
				ASSETCATALOG_COMPILER_GLOBAL_ACCENT_COLOR_NAME = AccentColor;
				CODE_SIGN_STYLE = Manual;
				DEVELOPMENT_TEAM = "";
				INFOPLIST_FILE = JoinUs/SupportingFiles/Info.plist;
				LD_RUNPATH_SEARCH_PATHS = (
					"$(inherited)",
					"@executable_path/Frameworks",
				);
				PRODUCT_BUNDLE_IDENTIFIER = seungmin.JoinUs;
				PRODUCT_NAME = "$(TARGET_NAME)";
				PROVISIONING_PROFILE_SPECIFIER = "";
				SWIFT_VERSION = 5.0;
				TARGETED_DEVICE_FAMILY = "1,2";
			};
			name = Debug;
		};
		564EC2122709D63900DCA9E6 /* Release */ = {
			isa = XCBuildConfiguration;
			baseConfigurationReference = DE2EFA195FAFF65F561DAB3D /* Pods-JoinUs.release.xcconfig */;
			buildSettings = {
				ASSETCATALOG_COMPILER_APPICON_NAME = AppIcon;
				ASSETCATALOG_COMPILER_GLOBAL_ACCENT_COLOR_NAME = AccentColor;
				CODE_SIGN_STYLE = Manual;
				DEVELOPMENT_TEAM = "";
				INFOPLIST_FILE = JoinUs/SupportingFiles/Info.plist;
				LD_RUNPATH_SEARCH_PATHS = (
					"$(inherited)",
					"@executable_path/Frameworks",
				);
				PRODUCT_BUNDLE_IDENTIFIER = seungmin.JoinUs;
				PRODUCT_NAME = "$(TARGET_NAME)";
				PROVISIONING_PROFILE_SPECIFIER = "";
				SWIFT_VERSION = 5.0;
				TARGETED_DEVICE_FAMILY = "1,2";
			};
			name = Release;
		};
/* End XCBuildConfiguration section */

/* Begin XCConfigurationList section */
		564EC1F72709D63800DCA9E6 /* Build configuration list for PBXProject "JoinUs" */ = {
			isa = XCConfigurationList;
			buildConfigurations = (
				564EC20E2709D63900DCA9E6 /* Debug */,
				564EC20F2709D63900DCA9E6 /* Release */,
			);
			defaultConfigurationIsVisible = 0;
			defaultConfigurationName = Release;
		};
		564EC2102709D63900DCA9E6 /* Build configuration list for PBXNativeTarget "JoinUs" */ = {
			isa = XCConfigurationList;
			buildConfigurations = (
				564EC2112709D63900DCA9E6 /* Debug */,
				564EC2122709D63900DCA9E6 /* Release */,
			);
			defaultConfigurationIsVisible = 0;
			defaultConfigurationName = Release;
		};
/* End XCConfigurationList section */
	};
	rootObject = 564EC1F42709D63800DCA9E6 /* Project object */;
}
